<?xml version="1.0" encoding="utf-8"?>
<Project ToolsVersion="17.0" xmlns="http://schemas.microsoft.com/developer/msbuild/2003">
  <ItemGroup>
    <ClCompile Include="C:\Users\miesz\Downloads\JASol (2)\JASol\JAApp\libsndfile-master\tests\cpp_test.cc">
      <Filter>Source Files</Filter>
    </ClCompile>
  </ItemGroup>
  <ItemGroup>
    <CustomBuild Include="C:\Users\miesz\Downloads\JASol (2)\JASol\JAApp\libsndfile-master\CMakeLists.txt" />
  </ItemGroup>
  <ItemGroup>
    <Filter Include="Source Files">
      <UniqueIdentifier>{F9F1B9CE-A738-3ADD-A876-FE11FC5478B0}</UniqueIdentifier>
    </Filter>
  </ItemGroup>
</Project>
