<?xml version="1.0" encoding="utf-8"?>
<Project ToolsVersion="17.0" xmlns="http://schemas.microsoft.com/developer/msbuild/2003">
  <ItemGroup>
    <CustomBuild Include="C:\Users\miesz\Downloads\JASol (2)\JASol\JAApp\libsndfile-master\CMakeBuild\CMakeFiles\a0341d83ebe5b8f7bbec5c8377b97735\INSTALL_force.rule">
      <Filter>CMake Rules</Filter>
    </CustomBuild>
  </ItemGroup>
  <ItemGroup>
    <Filter Include="CMake Rules">
      <UniqueIdentifier>{89DF0476-45E7-362E-9F91-71DE0B9848BD}</UniqueIdentifier>
    </Filter>
  </ItemGroup>
</Project>
