
Microsoft Visual Studio Solution File, Format Version 12.00
# Visual Studio Version 17
Project("{2150E333-8FDC-42A3-9474-1A3956D46DE8}") = "CMakePredefinedTargets", "CMakePredefinedTargets", "{ABED84A0-604D-3C95-B7B1-C28E0CFBA852}"
EndProject
Project("{2150E333-8FDC-42A3-9474-1A3956D46DE8}") = "CTestDashboardTargets", "CTestDashboardTargets", "{C635C45C-ADD2-3D25-89E4-6EBEFD91D4EF}"
EndProject
Project("{2150E333-8FDC-42A3-9474-1A3956D46DE8}") = "Examples", "Examples", "{9E1242CD-2006-3076-A626-4A227231A0C8}"
EndProject
Project("{2150E333-8FDC-42A3-9474-1A3956D46DE8}") = "Programs", "Programs", "{3FE7FA42-19BE-3A61-A51E-E015C4814E89}"
EndProject
Project("{2150E333-8FDC-42A3-9474-1A3956D46DE8}") = "Tests", "Tests", "{9F4D859C-1121-330E-9C56-FBFAA06CD0FE}"
EndProject
Project("{8BC9CEB8-8B4A-11D0-8D11-00A0C91BC942}") = "ALL_BUILD", "ALL_BUILD.vcxproj", "{31331C04-F665-3D31-B373-1061AA5624EB}"
	ProjectSection(ProjectDependencies) = postProject
		{79488821-0228-31B8-B750-7741BBBCB963} = {79488821-0228-31B8-B750-7741BBBCB963}
		{86F96DE0-4003-3CA3-9525-285BC8E3B265} = {86F96DE0-4003-3CA3-9525-285BC8E3B265}
		{7616C7D7-C202-3BB4-B013-18844C848351} = {7616C7D7-C202-3BB4-B013-18844C848351}
		{50D46F92-15F3-361B-8DE4-000D4D10DB6C} = {50D46F92-15F3-361B-8DE4-000D4D10DB6C}
		{824A9163-C48F-3FC2-A161-A2B92BBD5B20} = {824A9163-C48F-3FC2-A161-A2B92BBD5B20}
		{EB2E4165-429B-3EDA-82E8-FD9BB3C5CA1E} = {EB2E4165-429B-3EDA-82E8-FD9BB3C5CA1E}
		{E51D50CA-8CFE-339A-8405-E0CD8D10EE23} = {E51D50CA-8CFE-339A-8405-E0CD8D10EE23}
		{929175EE-31CE-3BCA-AD6C-FDDDC3D12475} = {929175EE-31CE-3BCA-AD6C-FDDDC3D12475}
		{E8863BC0-9ABE-305A-9E36-B7236DD9C17E} = {E8863BC0-9ABE-305A-9E36-B7236DD9C17E}
		{59487D73-668E-32C2-9905-B7AE8EE76DCD} = {59487D73-668E-32C2-9905-B7AE8EE76DCD}
		{30D7ABDA-4AEA-3630-A9F7-58BCBFF5F15A} = {30D7ABDA-4AEA-3630-A9F7-58BCBFF5F15A}
		{9D30AA6B-AA73-3C53-9E5F-369A6F7ED9C8} = {9D30AA6B-AA73-3C53-9E5F-369A6F7ED9C8}
		{863320DA-76BF-33BD-A9D1-6C80F6C03877} = {863320DA-76BF-33BD-A9D1-6C80F6C03877}
		{3687C601-32E6-33B4-90A9-F26AD588017F} = {3687C601-32E6-33B4-90A9-F26AD588017F}
		{79D78505-5576-3FAF-8706-B93377A76DE9} = {79D78505-5576-3FAF-8706-B93377A76DE9}
		{1F82617E-2077-339E-B98A-68FC56C0FC09} = {1F82617E-2077-339E-B98A-68FC56C0FC09}
		{CCFB4D38-6BDE-32DD-A3B6-EADE454A65BF} = {CCFB4D38-6BDE-32DD-A3B6-EADE454A65BF}
		{AA0B857A-7559-351C-B23B-601BFAA513A1} = {AA0B857A-7559-351C-B23B-601BFAA513A1}
		{9FEFE3EF-4EB7-313E-A812-0B032348E6FF} = {9FEFE3EF-4EB7-313E-A812-0B032348E6FF}
		{87E5BB8E-FE0C-35B4-BDC9-EACCAA4DAAAE} = {87E5BB8E-FE0C-35B4-BDC9-EACCAA4DAAAE}
		{97F6AFAB-9295-35DD-B1DE-BF946B5E918C} = {97F6AFAB-9295-35DD-B1DE-BF946B5E918C}
		{CE59D21E-3FFD-3DB8-9595-0B778786E919} = {CE59D21E-3FFD-3DB8-9595-0B778786E919}
		{244BBDF5-C34B-37A9-8F1E-16C5D6B67480} = {244BBDF5-C34B-37A9-8F1E-16C5D6B67480}
		{41F7CEED-000C-3CE7-A5D8-DA762BB60952} = {41F7CEED-000C-3CE7-A5D8-DA762BB60952}
		{9F9158A1-14C6-3276-A41A-EF914D56F89B} = {9F9158A1-14C6-3276-A41A-EF914D56F89B}
		{1A7CF613-656A-3626-9E8D-681956439C09} = {1A7CF613-656A-3626-9E8D-681956439C09}
		{C11161C1-961D-36DE-9D11-C333F83779FC} = {C11161C1-961D-36DE-9D11-C333F83779FC}
		{3E045291-D620-3C5E-B40E-D97EB6089468} = {3E045291-D620-3C5E-B40E-D97EB6089468}
		{D7C3FBBB-B1C7-3B10-BB9A-61F4AB5BAD31} = {D7C3FBBB-B1C7-3B10-BB9A-61F4AB5BAD31}
		{F0D88E1C-9D30-3012-BA4A-16DAEB4C9C59} = {F0D88E1C-9D30-3012-BA4A-16DAEB4C9C59}
		{35DCF99C-49FC-3C78-B474-95D7B14A65E4} = {35DCF99C-49FC-3C78-B474-95D7B14A65E4}
		{3C064BA4-FFB5-3AA3-B4EE-596D23B3C313} = {3C064BA4-FFB5-3AA3-B4EE-596D23B3C313}
		{A5234776-32CD-37FD-B691-EABA048B1243} = {A5234776-32CD-37FD-B691-EABA048B1243}
		{93E241FD-D96C-326F-AA61-E31A509A1B04} = {93E241FD-D96C-326F-AA61-E31A509A1B04}
		{5651C378-0E65-3CAE-83B0-61D9250DA708} = {5651C378-0E65-3CAE-83B0-61D9250DA708}
		{A25A742C-6C80-3BCB-AD23-82B2F4D79016} = {A25A742C-6C80-3BCB-AD23-82B2F4D79016}
		{690BC924-8F04-331E-9D24-28CAD0F5F770} = {690BC924-8F04-331E-9D24-28CAD0F5F770}
		{8E33C4FA-7E95-32F2-B2F0-924FBFA49282} = {8E33C4FA-7E95-32F2-B2F0-924FBFA49282}
		{C7DE215A-F1DD-3CEF-8E16-B6BDAEEF8C20} = {C7DE215A-F1DD-3CEF-8E16-B6BDAEEF8C20}
		{827869FC-B0BD-3733-AE64-40D4B07A7AD3} = {827869FC-B0BD-3733-AE64-40D4B07A7AD3}
		{3B669014-B4C5-3EB2-B47D-2BCC02EFB050} = {3B669014-B4C5-3EB2-B47D-2BCC02EFB050}
		{F9E3AC0D-89CA-32FB-950E-A2310C49350F} = {F9E3AC0D-89CA-32FB-950E-A2310C49350F}
		{A94B99BC-94EE-3C0B-A2AD-B97673AD1924} = {A94B99BC-94EE-3C0B-A2AD-B97673AD1924}
		{5D70E345-1988-3C56-B21B-F050B5984F1A} = {5D70E345-1988-3C56-B21B-F050B5984F1A}
		{DC8EEEDD-B72B-333C-9220-88ADC2C31FA8} = {DC8EEEDD-B72B-333C-9220-88ADC2C31FA8}
		{3B9CF0AD-34E8-3D55-9A33-ABD11A6AD25B} = {3B9CF0AD-34E8-3D55-9A33-ABD11A6AD25B}
		{5A142621-EBF4-3FDC-AEA6-7E7DE337F6E1} = {5A142621-EBF4-3FDC-AEA6-7E7DE337F6E1}
		{21AEEF3A-B641-3664-A2C3-0930E7F4D54D} = {21AEEF3A-B641-3664-A2C3-0930E7F4D54D}
		{93F1CBD9-AF00-3018-B111-86FD1FADCA8D} = {93F1CBD9-AF00-3018-B111-86FD1FADCA8D}
		{B71412AD-AA74-3514-9EA1-59B3344A2994} = {B71412AD-AA74-3514-9EA1-59B3344A2994}
		{9CD2A34D-B8F8-39AA-82D9-345A2EBCFB63} = {9CD2A34D-B8F8-39AA-82D9-345A2EBCFB63}
		{9B9C4E9C-FC19-311C-B353-F23E457C1327} = {9B9C4E9C-FC19-311C-B353-F23E457C1327}
		{E5A8930B-3A79-32B6-AC29-8423990B4B20} = {E5A8930B-3A79-32B6-AC29-8423990B4B20}
		{6F08BFF2-DD20-3E9E-9512-F4E266FDCF6A} = {6F08BFF2-DD20-3E9E-9512-F4E266FDCF6A}
		{5DE10C1D-387E-301D-83E7-18A1A1D1CB45} = {5DE10C1D-387E-301D-83E7-18A1A1D1CB45}
		{2014BB9C-2E8C-3A34-BC91-C4C6F76BA8C7} = {2014BB9C-2E8C-3A34-BC91-C4C6F76BA8C7}
		{F6F5D6CB-0992-3D9B-B22F-0F4F563D2798} = {F6F5D6CB-0992-3D9B-B22F-0F4F563D2798}
		{E00EE26D-F832-3962-B1B4-AC95EBB8CB4A} = {E00EE26D-F832-3962-B1B4-AC95EBB8CB4A}
		{D4E84418-5BE1-360C-B544-69C67ECB3049} = {D4E84418-5BE1-360C-B544-69C67ECB3049}
	EndProjectSection
EndProject
Project("{8BC9CEB8-8B4A-11D0-8D11-00A0C91BC942}") = "Continuous", "Continuous.vcxproj", "{488CB971-69A2-349D-B546-B685CC0F6DB0}"
	ProjectSection(ProjectDependencies) = postProject
		{79488821-0228-31B8-B750-7741BBBCB963} = {79488821-0228-31B8-B750-7741BBBCB963}
	EndProjectSection
EndProject
Project("{8BC9CEB8-8B4A-11D0-8D11-00A0C91BC942}") = "Experimental", "Experimental.vcxproj", "{0032C8EF-69DE-3004-872C-74D1A6303DD7}"
	ProjectSection(ProjectDependencies) = postProject
		{79488821-0228-31B8-B750-7741BBBCB963} = {79488821-0228-31B8-B750-7741BBBCB963}
	EndProjectSection
EndProject
Project("{8BC9CEB8-8B4A-11D0-8D11-00A0C91BC942}") = "INSTALL", "INSTALL.vcxproj", "{AA80A456-92CF-3E36-A052-80D81A2C8EDF}"
	ProjectSection(ProjectDependencies) = postProject
		{31331C04-F665-3D31-B373-1061AA5624EB} = {31331C04-F665-3D31-B373-1061AA5624EB}
		{79488821-0228-31B8-B750-7741BBBCB963} = {79488821-0228-31B8-B750-7741BBBCB963}
	EndProjectSection
EndProject
Project("{8BC9CEB8-8B4A-11D0-8D11-00A0C91BC942}") = "Nightly", "Nightly.vcxproj", "{E663913E-18D6-3660-9FFA-242746A08F40}"
	ProjectSection(ProjectDependencies) = postProject
		{79488821-0228-31B8-B750-7741BBBCB963} = {79488821-0228-31B8-B750-7741BBBCB963}
	EndProjectSection
EndProject
Project("{8BC9CEB8-8B4A-11D0-8D11-00A0C91BC942}") = "NightlyMemoryCheck", "NightlyMemoryCheck.vcxproj", "{67C30212-928E-3591-8CFF-E570795AA718}"
	ProjectSection(ProjectDependencies) = postProject
		{79488821-0228-31B8-B750-7741BBBCB963} = {79488821-0228-31B8-B750-7741BBBCB963}
	EndProjectSection
EndProject
Project("{8BC9CEB8-8B4A-11D0-8D11-00A0C91BC942}") = "PACKAGE", "PACKAGE.vcxproj", "{2FFD344F-D71E-3656-8CAE-635C52249D2A}"
	ProjectSection(ProjectDependencies) = postProject
		{31331C04-F665-3D31-B373-1061AA5624EB} = {31331C04-F665-3D31-B373-1061AA5624EB}
		{79488821-0228-31B8-B750-7741BBBCB963} = {79488821-0228-31B8-B750-7741BBBCB963}
	EndProjectSection
EndProject
Project("{8BC9CEB8-8B4A-11D0-8D11-00A0C91BC942}") = "RUN_TESTS", "RUN_TESTS.vcxproj", "{88219313-1EED-36B5-B313-2F2FF3167C97}"
	ProjectSection(ProjectDependencies) = postProject
		{79488821-0228-31B8-B750-7741BBBCB963} = {79488821-0228-31B8-B750-7741BBBCB963}
	EndProjectSection
EndProject
Project("{8BC9CEB8-8B4A-11D0-8D11-00A0C91BC942}") = "ZERO_CHECK", "ZERO_CHECK.vcxproj", "{79488821-0228-31B8-B750-7741BBBCB963}"
	ProjectSection(ProjectDependencies) = postProject
	EndProjectSection
EndProject
Project("{8BC9CEB8-8B4A-11D0-8D11-00A0C91BC942}") = "aiff_rw_test", "aiff_rw_test.vcxproj", "{86F96DE0-4003-3CA3-9525-285BC8E3B265}"
	ProjectSection(ProjectDependencies) = postProject
		{79488821-0228-31B8-B750-7741BBBCB963} = {79488821-0228-31B8-B750-7741BBBCB963}
		{690BC924-8F04-331E-9D24-28CAD0F5F770} = {690BC924-8F04-331E-9D24-28CAD0F5F770}
		{2014BB9C-2E8C-3A34-BC91-C4C6F76BA8C7} = {2014BB9C-2E8C-3A34-BC91-C4C6F76BA8C7}
	EndProjectSection
EndProject
Project("{8BC9CEB8-8B4A-11D0-8D11-00A0C91BC942}") = "alaw_test", "alaw_test.vcxproj", "{7616C7D7-C202-3BB4-B013-18844C848351}"
	ProjectSection(ProjectDependencies) = postProject
		{79488821-0228-31B8-B750-7741BBBCB963} = {79488821-0228-31B8-B750-7741BBBCB963}
		{690BC924-8F04-331E-9D24-28CAD0F5F770} = {690BC924-8F04-331E-9D24-28CAD0F5F770}
		{2014BB9C-2E8C-3A34-BC91-C4C6F76BA8C7} = {2014BB9C-2E8C-3A34-BC91-C4C6F76BA8C7}
	EndProjectSection
EndProject
Project("{8BC9CEB8-8B4A-11D0-8D11-00A0C91BC942}") = "channel_test", "channel_test.vcxproj", "{50D46F92-15F3-361B-8DE4-000D4D10DB6C}"
	ProjectSection(ProjectDependencies) = postProject
		{79488821-0228-31B8-B750-7741BBBCB963} = {79488821-0228-31B8-B750-7741BBBCB963}
		{690BC924-8F04-331E-9D24-28CAD0F5F770} = {690BC924-8F04-331E-9D24-28CAD0F5F770}
		{2014BB9C-2E8C-3A34-BC91-C4C6F76BA8C7} = {2014BB9C-2E8C-3A34-BC91-C4C6F76BA8C7}
	EndProjectSection
EndProject
Project("{8BC9CEB8-8B4A-11D0-8D11-00A0C91BC942}") = "checksum_test", "checksum_test.vcxproj", "{824A9163-C48F-3FC2-A161-A2B92BBD5B20}"
	ProjectSection(ProjectDependencies) = postProject
		{79488821-0228-31B8-B750-7741BBBCB963} = {79488821-0228-31B8-B750-7741BBBCB963}
		{690BC924-8F04-331E-9D24-28CAD0F5F770} = {690BC924-8F04-331E-9D24-28CAD0F5F770}
		{2014BB9C-2E8C-3A34-BC91-C4C6F76BA8C7} = {2014BB9C-2E8C-3A34-BC91-C4C6F76BA8C7}
	EndProjectSection
EndProject
Project("{8BC9CEB8-8B4A-11D0-8D11-00A0C91BC942}") = "chunk_test", "chunk_test.vcxproj", "{EB2E4165-429B-3EDA-82E8-FD9BB3C5CA1E}"
	ProjectSection(ProjectDependencies) = postProject
		{79488821-0228-31B8-B750-7741BBBCB963} = {79488821-0228-31B8-B750-7741BBBCB963}
		{690BC924-8F04-331E-9D24-28CAD0F5F770} = {690BC924-8F04-331E-9D24-28CAD0F5F770}
		{2014BB9C-2E8C-3A34-BC91-C4C6F76BA8C7} = {2014BB9C-2E8C-3A34-BC91-C4C6F76BA8C7}
	EndProjectSection
EndProject
Project("{8BC9CEB8-8B4A-11D0-8D11-00A0C91BC942}") = "command_test", "command_test.vcxproj", "{E51D50CA-8CFE-339A-8405-E0CD8D10EE23}"
	ProjectSection(ProjectDependencies) = postProject
		{79488821-0228-31B8-B750-7741BBBCB963} = {79488821-0228-31B8-B750-7741BBBCB963}
		{690BC924-8F04-331E-9D24-28CAD0F5F770} = {690BC924-8F04-331E-9D24-28CAD0F5F770}
		{2014BB9C-2E8C-3A34-BC91-C4C6F76BA8C7} = {2014BB9C-2E8C-3A34-BC91-C4C6F76BA8C7}
	EndProjectSection
EndProject
Project("{8BC9CEB8-8B4A-11D0-8D11-00A0C91BC942}") = "compression_size_test", "compression_size_test.vcxproj", "{929175EE-31CE-3BCA-AD6C-FDDDC3D12475}"
	ProjectSection(ProjectDependencies) = postProject
		{79488821-0228-31B8-B750-7741BBBCB963} = {79488821-0228-31B8-B750-7741BBBCB963}
		{690BC924-8F04-331E-9D24-28CAD0F5F770} = {690BC924-8F04-331E-9D24-28CAD0F5F770}
		{2014BB9C-2E8C-3A34-BC91-C4C6F76BA8C7} = {2014BB9C-2E8C-3A34-BC91-C4C6F76BA8C7}
	EndProjectSection
EndProject
Project("{8BC9CEB8-8B4A-11D0-8D11-00A0C91BC942}") = "cpp_test", "cpp_test.vcxproj", "{E8863BC0-9ABE-305A-9E36-B7236DD9C17E}"
	ProjectSection(ProjectDependencies) = postProject
		{79488821-0228-31B8-B750-7741BBBCB963} = {79488821-0228-31B8-B750-7741BBBCB963}
		{690BC924-8F04-331E-9D24-28CAD0F5F770} = {690BC924-8F04-331E-9D24-28CAD0F5F770}
		{2014BB9C-2E8C-3A34-BC91-C4C6F76BA8C7} = {2014BB9C-2E8C-3A34-BC91-C4C6F76BA8C7}
	EndProjectSection
EndProject
Project("{8BC9CEB8-8B4A-11D0-8D11-00A0C91BC942}") = "dwvw_test", "dwvw_test.vcxproj", "{59487D73-668E-32C2-9905-B7AE8EE76DCD}"
	ProjectSection(ProjectDependencies) = postProject
		{79488821-0228-31B8-B750-7741BBBCB963} = {79488821-0228-31B8-B750-7741BBBCB963}
		{690BC924-8F04-331E-9D24-28CAD0F5F770} = {690BC924-8F04-331E-9D24-28CAD0F5F770}
		{2014BB9C-2E8C-3A34-BC91-C4C6F76BA8C7} = {2014BB9C-2E8C-3A34-BC91-C4C6F76BA8C7}
	EndProjectSection
EndProject
Project("{8BC9CEB8-8B4A-11D0-8D11-00A0C91BC942}") = "error_test", "error_test.vcxproj", "{30D7ABDA-4AEA-3630-A9F7-58BCBFF5F15A}"
	ProjectSection(ProjectDependencies) = postProject
		{79488821-0228-31B8-B750-7741BBBCB963} = {79488821-0228-31B8-B750-7741BBBCB963}
		{690BC924-8F04-331E-9D24-28CAD0F5F770} = {690BC924-8F04-331E-9D24-28CAD0F5F770}
		{2014BB9C-2E8C-3A34-BC91-C4C6F76BA8C7} = {2014BB9C-2E8C-3A34-BC91-C4C6F76BA8C7}
	EndProjectSection
EndProject
Project("{8BC9CEB8-8B4A-11D0-8D11-00A0C91BC942}") = "external_libs_test", "external_libs_test.vcxproj", "{9D30AA6B-AA73-3C53-9E5F-369A6F7ED9C8}"
	ProjectSection(ProjectDependencies) = postProject
		{79488821-0228-31B8-B750-7741BBBCB963} = {79488821-0228-31B8-B750-7741BBBCB963}
		{690BC924-8F04-331E-9D24-28CAD0F5F770} = {690BC924-8F04-331E-9D24-28CAD0F5F770}
		{2014BB9C-2E8C-3A34-BC91-C4C6F76BA8C7} = {2014BB9C-2E8C-3A34-BC91-C4C6F76BA8C7}
	EndProjectSection
EndProject
Project("{8BC9CEB8-8B4A-11D0-8D11-00A0C91BC942}") = "floating_point_test", "floating_point_test.vcxproj", "{863320DA-76BF-33BD-A9D1-6C80F6C03877}"
	ProjectSection(ProjectDependencies) = postProject
		{79488821-0228-31B8-B750-7741BBBCB963} = {79488821-0228-31B8-B750-7741BBBCB963}
		{690BC924-8F04-331E-9D24-28CAD0F5F770} = {690BC924-8F04-331E-9D24-28CAD0F5F770}
		{2014BB9C-2E8C-3A34-BC91-C4C6F76BA8C7} = {2014BB9C-2E8C-3A34-BC91-C4C6F76BA8C7}
	EndProjectSection
EndProject
Project("{8BC9CEB8-8B4A-11D0-8D11-00A0C91BC942}") = "format_check_test", "format_check_test.vcxproj", "{3687C601-32E6-33B4-90A9-F26AD588017F}"
	ProjectSection(ProjectDependencies) = postProject
		{79488821-0228-31B8-B750-7741BBBCB963} = {79488821-0228-31B8-B750-7741BBBCB963}
		{690BC924-8F04-331E-9D24-28CAD0F5F770} = {690BC924-8F04-331E-9D24-28CAD0F5F770}
		{2014BB9C-2E8C-3A34-BC91-C4C6F76BA8C7} = {2014BB9C-2E8C-3A34-BC91-C4C6F76BA8C7}
	EndProjectSection
EndProject
Project("{8BC9CEB8-8B4A-11D0-8D11-00A0C91BC942}") = "g72x_test", "g72x_test.vcxproj", "{79D78505-5576-3FAF-8706-B93377A76DE9}"
	ProjectSection(ProjectDependencies) = postProject
		{79488821-0228-31B8-B750-7741BBBCB963} = {79488821-0228-31B8-B750-7741BBBCB963}
		{690BC924-8F04-331E-9D24-28CAD0F5F770} = {690BC924-8F04-331E-9D24-28CAD0F5F770}
	EndProjectSection
EndProject
Project("{8BC9CEB8-8B4A-11D0-8D11-00A0C91BC942}") = "generate", "generate.vcxproj", "{1F82617E-2077-339E-B98A-68FC56C0FC09}"
	ProjectSection(ProjectDependencies) = postProject
		{79488821-0228-31B8-B750-7741BBBCB963} = {79488821-0228-31B8-B750-7741BBBCB963}
		{690BC924-8F04-331E-9D24-28CAD0F5F770} = {690BC924-8F04-331E-9D24-28CAD0F5F770}
	EndProjectSection
EndProject
Project("{8BC9CEB8-8B4A-11D0-8D11-00A0C91BC942}") = "header_test", "header_test.vcxproj", "{CCFB4D38-6BDE-32DD-A3B6-EADE454A65BF}"
	ProjectSection(ProjectDependencies) = postProject
		{79488821-0228-31B8-B750-7741BBBCB963} = {79488821-0228-31B8-B750-7741BBBCB963}
		{690BC924-8F04-331E-9D24-28CAD0F5F770} = {690BC924-8F04-331E-9D24-28CAD0F5F770}
		{2014BB9C-2E8C-3A34-BC91-C4C6F76BA8C7} = {2014BB9C-2E8C-3A34-BC91-C4C6F76BA8C7}
	EndProjectSection
EndProject
Project("{8BC9CEB8-8B4A-11D0-8D11-00A0C91BC942}") = "headerless_test", "headerless_test.vcxproj", "{AA0B857A-7559-351C-B23B-601BFAA513A1}"
	ProjectSection(ProjectDependencies) = postProject
		{79488821-0228-31B8-B750-7741BBBCB963} = {79488821-0228-31B8-B750-7741BBBCB963}
		{690BC924-8F04-331E-9D24-28CAD0F5F770} = {690BC924-8F04-331E-9D24-28CAD0F5F770}
		{2014BB9C-2E8C-3A34-BC91-C4C6F76BA8C7} = {2014BB9C-2E8C-3A34-BC91-C4C6F76BA8C7}
	EndProjectSection
EndProject
Project("{8BC9CEB8-8B4A-11D0-8D11-00A0C91BC942}") = "list_formats", "list_formats.vcxproj", "{9FEFE3EF-4EB7-313E-A812-0B032348E6FF}"
	ProjectSection(ProjectDependencies) = postProject
		{79488821-0228-31B8-B750-7741BBBCB963} = {79488821-0228-31B8-B750-7741BBBCB963}
		{690BC924-8F04-331E-9D24-28CAD0F5F770} = {690BC924-8F04-331E-9D24-28CAD0F5F770}
	EndProjectSection
EndProject
Project("{8BC9CEB8-8B4A-11D0-8D11-00A0C91BC942}") = "locale_test", "locale_test.vcxproj", "{87E5BB8E-FE0C-35B4-BDC9-EACCAA4DAAAE}"
	ProjectSection(ProjectDependencies) = postProject
		{79488821-0228-31B8-B750-7741BBBCB963} = {79488821-0228-31B8-B750-7741BBBCB963}
		{690BC924-8F04-331E-9D24-28CAD0F5F770} = {690BC924-8F04-331E-9D24-28CAD0F5F770}
		{2014BB9C-2E8C-3A34-BC91-C4C6F76BA8C7} = {2014BB9C-2E8C-3A34-BC91-C4C6F76BA8C7}
	EndProjectSection
EndProject
Project("{8BC9CEB8-8B4A-11D0-8D11-00A0C91BC942}") = "long_read_write_test", "long_read_write_test.vcxproj", "{97F6AFAB-9295-35DD-B1DE-BF946B5E918C}"
	ProjectSection(ProjectDependencies) = postProject
		{79488821-0228-31B8-B750-7741BBBCB963} = {79488821-0228-31B8-B750-7741BBBCB963}
		{690BC924-8F04-331E-9D24-28CAD0F5F770} = {690BC924-8F04-331E-9D24-28CAD0F5F770}
		{2014BB9C-2E8C-3A34-BC91-C4C6F76BA8C7} = {2014BB9C-2E8C-3A34-BC91-C4C6F76BA8C7}
	EndProjectSection
EndProject
Project("{8BC9CEB8-8B4A-11D0-8D11-00A0C91BC942}") = "lossy_comp_test", "lossy_comp_test.vcxproj", "{CE59D21E-3FFD-3DB8-9595-0B778786E919}"
	ProjectSection(ProjectDependencies) = postProject
		{79488821-0228-31B8-B750-7741BBBCB963} = {79488821-0228-31B8-B750-7741BBBCB963}
		{690BC924-8F04-331E-9D24-28CAD0F5F770} = {690BC924-8F04-331E-9D24-28CAD0F5F770}
		{2014BB9C-2E8C-3A34-BC91-C4C6F76BA8C7} = {2014BB9C-2E8C-3A34-BC91-C4C6F76BA8C7}
	EndProjectSection
EndProject
Project("{8BC9CEB8-8B4A-11D0-8D11-00A0C91BC942}") = "make_sine", "make_sine.vcxproj", "{244BBDF5-C34B-37A9-8F1E-16C5D6B67480}"
	ProjectSection(ProjectDependencies) = postProject
		{79488821-0228-31B8-B750-7741BBBCB963} = {79488821-0228-31B8-B750-7741BBBCB963}
		{690BC924-8F04-331E-9D24-28CAD0F5F770} = {690BC924-8F04-331E-9D24-28CAD0F5F770}
	EndProjectSection
EndProject
Project("{8BC9CEB8-8B4A-11D0-8D11-00A0C91BC942}") = "misc_test", "misc_test.vcxproj", "{41F7CEED-000C-3CE7-A5D8-DA762BB60952}"
	ProjectSection(ProjectDependencies) = postProject
		{79488821-0228-31B8-B750-7741BBBCB963} = {79488821-0228-31B8-B750-7741BBBCB963}
		{690BC924-8F04-331E-9D24-28CAD0F5F770} = {690BC924-8F04-331E-9D24-28CAD0F5F770}
		{2014BB9C-2E8C-3A34-BC91-C4C6F76BA8C7} = {2014BB9C-2E8C-3A34-BC91-C4C6F76BA8C7}
	EndProjectSection
EndProject
Project("{8BC9CEB8-8B4A-11D0-8D11-00A0C91BC942}") = "mpeg_test", "mpeg_test.vcxproj", "{9F9158A1-14C6-3276-A41A-EF914D56F89B}"
	ProjectSection(ProjectDependencies) = postProject
		{79488821-0228-31B8-B750-7741BBBCB963} = {79488821-0228-31B8-B750-7741BBBCB963}
		{690BC924-8F04-331E-9D24-28CAD0F5F770} = {690BC924-8F04-331E-9D24-28CAD0F5F770}
		{2014BB9C-2E8C-3A34-BC91-C4C6F76BA8C7} = {2014BB9C-2E8C-3A34-BC91-C4C6F76BA8C7}
	EndProjectSection
EndProject
Project("{8BC9CEB8-8B4A-11D0-8D11-00A0C91BC942}") = "multi_file_test", "multi_file_test.vcxproj", "{1A7CF613-656A-3626-9E8D-681956439C09}"
	ProjectSection(ProjectDependencies) = postProject
		{79488821-0228-31B8-B750-7741BBBCB963} = {79488821-0228-31B8-B750-7741BBBCB963}
		{690BC924-8F04-331E-9D24-28CAD0F5F770} = {690BC924-8F04-331E-9D24-28CAD0F5F770}
		{2014BB9C-2E8C-3A34-BC91-C4C6F76BA8C7} = {2014BB9C-2E8C-3A34-BC91-C4C6F76BA8C7}
	EndProjectSection
EndProject
Project("{8BC9CEB8-8B4A-11D0-8D11-00A0C91BC942}") = "ogg_opus_test", "ogg_opus_test.vcxproj", "{C11161C1-961D-36DE-9D11-C333F83779FC}"
	ProjectSection(ProjectDependencies) = postProject
		{79488821-0228-31B8-B750-7741BBBCB963} = {79488821-0228-31B8-B750-7741BBBCB963}
		{690BC924-8F04-331E-9D24-28CAD0F5F770} = {690BC924-8F04-331E-9D24-28CAD0F5F770}
		{2014BB9C-2E8C-3A34-BC91-C4C6F76BA8C7} = {2014BB9C-2E8C-3A34-BC91-C4C6F76BA8C7}
	EndProjectSection
EndProject
Project("{8BC9CEB8-8B4A-11D0-8D11-00A0C91BC942}") = "ogg_test", "ogg_test.vcxproj", "{3E045291-D620-3C5E-B40E-D97EB6089468}"
	ProjectSection(ProjectDependencies) = postProject
		{79488821-0228-31B8-B750-7741BBBCB963} = {79488821-0228-31B8-B750-7741BBBCB963}
		{690BC924-8F04-331E-9D24-28CAD0F5F770} = {690BC924-8F04-331E-9D24-28CAD0F5F770}
		{2014BB9C-2E8C-3A34-BC91-C4C6F76BA8C7} = {2014BB9C-2E8C-3A34-BC91-C4C6F76BA8C7}
	EndProjectSection
EndProject
Project("{8BC9CEB8-8B4A-11D0-8D11-00A0C91BC942}") = "pcm_test", "pcm_test.vcxproj", "{D7C3FBBB-B1C7-3B10-BB9A-61F4AB5BAD31}"
	ProjectSection(ProjectDependencies) = postProject
		{79488821-0228-31B8-B750-7741BBBCB963} = {79488821-0228-31B8-B750-7741BBBCB963}
		{690BC924-8F04-331E-9D24-28CAD0F5F770} = {690BC924-8F04-331E-9D24-28CAD0F5F770}
		{2014BB9C-2E8C-3A34-BC91-C4C6F76BA8C7} = {2014BB9C-2E8C-3A34-BC91-C4C6F76BA8C7}
	EndProjectSection
EndProject
Project("{8BC9CEB8-8B4A-11D0-8D11-00A0C91BC942}") = "peak_chunk_test", "peak_chunk_test.vcxproj", "{F0D88E1C-9D30-3012-BA4A-16DAEB4C9C59}"
	ProjectSection(ProjectDependencies) = postProject
		{79488821-0228-31B8-B750-7741BBBCB963} = {79488821-0228-31B8-B750-7741BBBCB963}
		{690BC924-8F04-331E-9D24-28CAD0F5F770} = {690BC924-8F04-331E-9D24-28CAD0F5F770}
		{2014BB9C-2E8C-3A34-BC91-C4C6F76BA8C7} = {2014BB9C-2E8C-3A34-BC91-C4C6F76BA8C7}
	EndProjectSection
EndProject
Project("{8BC9CEB8-8B4A-11D0-8D11-00A0C91BC942}") = "pipe_test", "pipe_test.vcxproj", "{35DCF99C-49FC-3C78-B474-95D7B14A65E4}"
	ProjectSection(ProjectDependencies) = postProject
		{79488821-0228-31B8-B750-7741BBBCB963} = {79488821-0228-31B8-B750-7741BBBCB963}
		{690BC924-8F04-331E-9D24-28CAD0F5F770} = {690BC924-8F04-331E-9D24-28CAD0F5F770}
		{2014BB9C-2E8C-3A34-BC91-C4C6F76BA8C7} = {2014BB9C-2E8C-3A34-BC91-C4C6F76BA8C7}
	EndProjectSection
EndProject
Project("{8BC9CEB8-8B4A-11D0-8D11-00A0C91BC942}") = "raw_test", "raw_test.vcxproj", "{3C064BA4-FFB5-3AA3-B4EE-596D23B3C313}"
	ProjectSection(ProjectDependencies) = postProject
		{79488821-0228-31B8-B750-7741BBBCB963} = {79488821-0228-31B8-B750-7741BBBCB963}
		{690BC924-8F04-331E-9D24-28CAD0F5F770} = {690BC924-8F04-331E-9D24-28CAD0F5F770}
		{2014BB9C-2E8C-3A34-BC91-C4C6F76BA8C7} = {2014BB9C-2E8C-3A34-BC91-C4C6F76BA8C7}
	EndProjectSection
EndProject
Project("{8BC9CEB8-8B4A-11D0-8D11-00A0C91BC942}") = "rdwr_test", "rdwr_test.vcxproj", "{A5234776-32CD-37FD-B691-EABA048B1243}"
	ProjectSection(ProjectDependencies) = postProject
		{79488821-0228-31B8-B750-7741BBBCB963} = {79488821-0228-31B8-B750-7741BBBCB963}
		{690BC924-8F04-331E-9D24-28CAD0F5F770} = {690BC924-8F04-331E-9D24-28CAD0F5F770}
		{2014BB9C-2E8C-3A34-BC91-C4C6F76BA8C7} = {2014BB9C-2E8C-3A34-BC91-C4C6F76BA8C7}
	EndProjectSection
EndProject
Project("{8BC9CEB8-8B4A-11D0-8D11-00A0C91BC942}") = "scale_clip_test", "scale_clip_test.vcxproj", "{93E241FD-D96C-326F-AA61-E31A509A1B04}"
	ProjectSection(ProjectDependencies) = postProject
		{79488821-0228-31B8-B750-7741BBBCB963} = {79488821-0228-31B8-B750-7741BBBCB963}
		{690BC924-8F04-331E-9D24-28CAD0F5F770} = {690BC924-8F04-331E-9D24-28CAD0F5F770}
		{2014BB9C-2E8C-3A34-BC91-C4C6F76BA8C7} = {2014BB9C-2E8C-3A34-BC91-C4C6F76BA8C7}
	EndProjectSection
EndProject
Project("{8BC9CEB8-8B4A-11D0-8D11-00A0C91BC942}") = "sfprocess", "sfprocess.vcxproj", "{5651C378-0E65-3CAE-83B0-61D9250DA708}"
	ProjectSection(ProjectDependencies) = postProject
		{79488821-0228-31B8-B750-7741BBBCB963} = {79488821-0228-31B8-B750-7741BBBCB963}
		{690BC924-8F04-331E-9D24-28CAD0F5F770} = {690BC924-8F04-331E-9D24-28CAD0F5F770}
	EndProjectSection
EndProject
Project("{8BC9CEB8-8B4A-11D0-8D11-00A0C91BC942}") = "sfversion", "sfversion.vcxproj", "{A25A742C-6C80-3BCB-AD23-82B2F4D79016}"
	ProjectSection(ProjectDependencies) = postProject
		{79488821-0228-31B8-B750-7741BBBCB963} = {79488821-0228-31B8-B750-7741BBBCB963}
		{690BC924-8F04-331E-9D24-28CAD0F5F770} = {690BC924-8F04-331E-9D24-28CAD0F5F770}
	EndProjectSection
EndProject
Project("{8BC9CEB8-8B4A-11D0-8D11-00A0C91BC942}") = "sndfile", "sndfile.vcxproj", "{690BC924-8F04-331E-9D24-28CAD0F5F770}"
	ProjectSection(ProjectDependencies) = postProject
		{79488821-0228-31B8-B750-7741BBBCB963} = {79488821-0228-31B8-B750-7741BBBCB963}
	EndProjectSection
EndProject
Project("{8BC9CEB8-8B4A-11D0-8D11-00A0C91BC942}") = "sndfile-cmp", "sndfile-cmp.vcxproj", "{8E33C4FA-7E95-32F2-B2F0-924FBFA49282}"
	ProjectSection(ProjectDependencies) = postProject
		{79488821-0228-31B8-B750-7741BBBCB963} = {79488821-0228-31B8-B750-7741BBBCB963}
		{690BC924-8F04-331E-9D24-28CAD0F5F770} = {690BC924-8F04-331E-9D24-28CAD0F5F770}
	EndProjectSection
EndProject
Project("{8BC9CEB8-8B4A-11D0-8D11-00A0C91BC942}") = "sndfile-concat", "sndfile-concat.vcxproj", "{C7DE215A-F1DD-3CEF-8E16-B6BDAEEF8C20}"
	ProjectSection(ProjectDependencies) = postProject
		{79488821-0228-31B8-B750-7741BBBCB963} = {79488821-0228-31B8-B750-7741BBBCB963}
		{690BC924-8F04-331E-9D24-28CAD0F5F770} = {690BC924-8F04-331E-9D24-28CAD0F5F770}
	EndProjectSection
EndProject
Project("{8BC9CEB8-8B4A-11D0-8D11-00A0C91BC942}") = "sndfile-convert", "sndfile-convert.vcxproj", "{827869FC-B0BD-3733-AE64-40D4B07A7AD3}"
	ProjectSection(ProjectDependencies) = postProject
		{79488821-0228-31B8-B750-7741BBBCB963} = {79488821-0228-31B8-B750-7741BBBCB963}
		{690BC924-8F04-331E-9D24-28CAD0F5F770} = {690BC924-8F04-331E-9D24-28CAD0F5F770}
	EndProjectSection
EndProject
Project("{8BC9CEB8-8B4A-11D0-8D11-00A0C91BC942}") = "sndfile-deinterleave", "sndfile-deinterleave.vcxproj", "{3B669014-B4C5-3EB2-B47D-2BCC02EFB050}"
	ProjectSection(ProjectDependencies) = postProject
		{79488821-0228-31B8-B750-7741BBBCB963} = {79488821-0228-31B8-B750-7741BBBCB963}
		{690BC924-8F04-331E-9D24-28CAD0F5F770} = {690BC924-8F04-331E-9D24-28CAD0F5F770}
	EndProjectSection
EndProject
Project("{8BC9CEB8-8B4A-11D0-8D11-00A0C91BC942}") = "sndfile-info", "sndfile-info.vcxproj", "{F9E3AC0D-89CA-32FB-950E-A2310C49350F}"
	ProjectSection(ProjectDependencies) = postProject
		{79488821-0228-31B8-B750-7741BBBCB963} = {79488821-0228-31B8-B750-7741BBBCB963}
		{690BC924-8F04-331E-9D24-28CAD0F5F770} = {690BC924-8F04-331E-9D24-28CAD0F5F770}
	EndProjectSection
EndProject
Project("{8BC9CEB8-8B4A-11D0-8D11-00A0C91BC942}") = "sndfile-interleave", "sndfile-interleave.vcxproj", "{A94B99BC-94EE-3C0B-A2AD-B97673AD1924}"
	ProjectSection(ProjectDependencies) = postProject
		{79488821-0228-31B8-B750-7741BBBCB963} = {79488821-0228-31B8-B750-7741BBBCB963}
		{690BC924-8F04-331E-9D24-28CAD0F5F770} = {690BC924-8F04-331E-9D24-28CAD0F5F770}
	EndProjectSection
EndProject
Project("{8BC9CEB8-8B4A-11D0-8D11-00A0C91BC942}") = "sndfile-loopify", "sndfile-loopify.vcxproj", "{5D70E345-1988-3C56-B21B-F050B5984F1A}"
	ProjectSection(ProjectDependencies) = postProject
		{79488821-0228-31B8-B750-7741BBBCB963} = {79488821-0228-31B8-B750-7741BBBCB963}
		{690BC924-8F04-331E-9D24-28CAD0F5F770} = {690BC924-8F04-331E-9D24-28CAD0F5F770}
	EndProjectSection
EndProject
Project("{8BC9CEB8-8B4A-11D0-8D11-00A0C91BC942}") = "sndfile-metadata-get", "sndfile-metadata-get.vcxproj", "{DC8EEEDD-B72B-333C-9220-88ADC2C31FA8}"
	ProjectSection(ProjectDependencies) = postProject
		{79488821-0228-31B8-B750-7741BBBCB963} = {79488821-0228-31B8-B750-7741BBBCB963}
		{690BC924-8F04-331E-9D24-28CAD0F5F770} = {690BC924-8F04-331E-9D24-28CAD0F5F770}
	EndProjectSection
EndProject
Project("{8BC9CEB8-8B4A-11D0-8D11-00A0C91BC942}") = "sndfile-metadata-set", "sndfile-metadata-set.vcxproj", "{3B9CF0AD-34E8-3D55-9A33-ABD11A6AD25B}"
	ProjectSection(ProjectDependencies) = postProject
		{79488821-0228-31B8-B750-7741BBBCB963} = {79488821-0228-31B8-B750-7741BBBCB963}
		{690BC924-8F04-331E-9D24-28CAD0F5F770} = {690BC924-8F04-331E-9D24-28CAD0F5F770}
	EndProjectSection
EndProject
Project("{8BC9CEB8-8B4A-11D0-8D11-00A0C91BC942}") = "sndfile-play", "sndfile-play.vcxproj", "{5A142621-EBF4-3FDC-AEA6-7E7DE337F6E1}"
	ProjectSection(ProjectDependencies) = postProject
		{79488821-0228-31B8-B750-7741BBBCB963} = {79488821-0228-31B8-B750-7741BBBCB963}
		{690BC924-8F04-331E-9D24-28CAD0F5F770} = {690BC924-8F04-331E-9D24-28CAD0F5F770}
	EndProjectSection
EndProject
Project("{8BC9CEB8-8B4A-11D0-8D11-00A0C91BC942}") = "sndfile-salvage", "sndfile-salvage.vcxproj", "{21AEEF3A-B641-3664-A2C3-0930E7F4D54D}"
	ProjectSection(ProjectDependencies) = postProject
		{79488821-0228-31B8-B750-7741BBBCB963} = {79488821-0228-31B8-B750-7741BBBCB963}
		{690BC924-8F04-331E-9D24-28CAD0F5F770} = {690BC924-8F04-331E-9D24-28CAD0F5F770}
	EndProjectSection
EndProject
Project("{8BC9CEB8-8B4A-11D0-8D11-00A0C91BC942}") = "sndfile-to-text", "sndfile-to-text.vcxproj", "{93F1CBD9-AF00-3018-B111-86FD1FADCA8D}"
	ProjectSection(ProjectDependencies) = postProject
		{79488821-0228-31B8-B750-7741BBBCB963} = {79488821-0228-31B8-B750-7741BBBCB963}
		{690BC924-8F04-331E-9D24-28CAD0F5F770} = {690BC924-8F04-331E-9D24-28CAD0F5F770}
	EndProjectSection
EndProject
Project("{8BC9CEB8-8B4A-11D0-8D11-00A0C91BC942}") = "sndfilehandle", "sndfilehandle.vcxproj", "{B71412AD-AA74-3514-9EA1-59B3344A2994}"
	ProjectSection(ProjectDependencies) = postProject
		{79488821-0228-31B8-B750-7741BBBCB963} = {79488821-0228-31B8-B750-7741BBBCB963}
		{690BC924-8F04-331E-9D24-28CAD0F5F770} = {690BC924-8F04-331E-9D24-28CAD0F5F770}
	EndProjectSection
EndProject
Project("{8BC9CEB8-8B4A-11D0-8D11-00A0C91BC942}") = "stdin_test", "stdin_test.vcxproj", "{9CD2A34D-B8F8-39AA-82D9-345A2EBCFB63}"
	ProjectSection(ProjectDependencies) = postProject
		{79488821-0228-31B8-B750-7741BBBCB963} = {79488821-0228-31B8-B750-7741BBBCB963}
		{690BC924-8F04-331E-9D24-28CAD0F5F770} = {690BC924-8F04-331E-9D24-28CAD0F5F770}
		{2014BB9C-2E8C-3A34-BC91-C4C6F76BA8C7} = {2014BB9C-2E8C-3A34-BC91-C4C6F76BA8C7}
	EndProjectSection
EndProject
Project("{8BC9CEB8-8B4A-11D0-8D11-00A0C91BC942}") = "stdio_test", "stdio_test.vcxproj", "{9B9C4E9C-FC19-311C-B353-F23E457C1327}"
	ProjectSection(ProjectDependencies) = postProject
		{79488821-0228-31B8-B750-7741BBBCB963} = {79488821-0228-31B8-B750-7741BBBCB963}
		{690BC924-8F04-331E-9D24-28CAD0F5F770} = {690BC924-8F04-331E-9D24-28CAD0F5F770}
		{2014BB9C-2E8C-3A34-BC91-C4C6F76BA8C7} = {2014BB9C-2E8C-3A34-BC91-C4C6F76BA8C7}
	EndProjectSection
EndProject
Project("{8BC9CEB8-8B4A-11D0-8D11-00A0C91BC942}") = "stdout_test", "stdout_test.vcxproj", "{E5A8930B-3A79-32B6-AC29-8423990B4B20}"
	ProjectSection(ProjectDependencies) = postProject
		{79488821-0228-31B8-B750-7741BBBCB963} = {79488821-0228-31B8-B750-7741BBBCB963}
		{690BC924-8F04-331E-9D24-28CAD0F5F770} = {690BC924-8F04-331E-9D24-28CAD0F5F770}
		{2014BB9C-2E8C-3A34-BC91-C4C6F76BA8C7} = {2014BB9C-2E8C-3A34-BC91-C4C6F76BA8C7}
	EndProjectSection
EndProject
Project("{8BC9CEB8-8B4A-11D0-8D11-00A0C91BC942}") = "string_test", "string_test.vcxproj", "{6F08BFF2-DD20-3E9E-9512-F4E266FDCF6A}"
	ProjectSection(ProjectDependencies) = postProject
		{79488821-0228-31B8-B750-7741BBBCB963} = {79488821-0228-31B8-B750-7741BBBCB963}
		{690BC924-8F04-331E-9D24-28CAD0F5F770} = {690BC924-8F04-331E-9D24-28CAD0F5F770}
		{2014BB9C-2E8C-3A34-BC91-C4C6F76BA8C7} = {2014BB9C-2E8C-3A34-BC91-C4C6F76BA8C7}
	EndProjectSection
EndProject
Project("{8BC9CEB8-8B4A-11D0-8D11-00A0C91BC942}") = "test_main", "test_main.vcxproj", "{5DE10C1D-387E-301D-83E7-18A1A1D1CB45}"
	ProjectSection(ProjectDependencies) = postProject
		{79488821-0228-31B8-B750-7741BBBCB963} = {79488821-0228-31B8-B750-7741BBBCB963}
		{690BC924-8F04-331E-9D24-28CAD0F5F770} = {690BC924-8F04-331E-9D24-28CAD0F5F770}
	EndProjectSection
EndProject
Project("{8BC9CEB8-8B4A-11D0-8D11-00A0C91BC942}") = "test_utils", "test_utils.vcxproj", "{2014BB9C-2E8C-3A34-BC91-C4C6F76BA8C7}"
	ProjectSection(ProjectDependencies) = postProject
		{79488821-0228-31B8-B750-7741BBBCB963} = {79488821-0228-31B8-B750-7741BBBCB963}
		{690BC924-8F04-331E-9D24-28CAD0F5F770} = {690BC924-8F04-331E-9D24-28CAD0F5F770}
	EndProjectSection
EndProject
Project("{8BC9CEB8-8B4A-11D0-8D11-00A0C91BC942}") = "ulaw_test", "ulaw_test.vcxproj", "{F6F5D6CB-0992-3D9B-B22F-0F4F563D2798}"
	ProjectSection(ProjectDependencies) = postProject
		{79488821-0228-31B8-B750-7741BBBCB963} = {79488821-0228-31B8-B750-7741BBBCB963}
		{690BC924-8F04-331E-9D24-28CAD0F5F770} = {690BC924-8F04-331E-9D24-28CAD0F5F770}
		{2014BB9C-2E8C-3A34-BC91-C4C6F76BA8C7} = {2014BB9C-2E8C-3A34-BC91-C4C6F76BA8C7}
	EndProjectSection
EndProject
Project("{8BC9CEB8-8B4A-11D0-8D11-00A0C91BC942}") = "virtual_io_test", "virtual_io_test.vcxproj", "{E00EE26D-F832-3962-B1B4-AC95EBB8CB4A}"
	ProjectSection(ProjectDependencies) = postProject
		{79488821-0228-31B8-B750-7741BBBCB963} = {79488821-0228-31B8-B750-7741BBBCB963}
		{690BC924-8F04-331E-9D24-28CAD0F5F770} = {690BC924-8F04-331E-9D24-28CAD0F5F770}
		{2014BB9C-2E8C-3A34-BC91-C4C6F76BA8C7} = {2014BB9C-2E8C-3A34-BC91-C4C6F76BA8C7}
	EndProjectSection
EndProject
Project("{8BC9CEB8-8B4A-11D0-8D11-00A0C91BC942}") = "write_read_test", "write_read_test.vcxproj", "{D4E84418-5BE1-360C-B544-69C67ECB3049}"
	ProjectSection(ProjectDependencies) = postProject
		{79488821-0228-31B8-B750-7741BBBCB963} = {79488821-0228-31B8-B750-7741BBBCB963}
		{690BC924-8F04-331E-9D24-28CAD0F5F770} = {690BC924-8F04-331E-9D24-28CAD0F5F770}
		{2014BB9C-2E8C-3A34-BC91-C4C6F76BA8C7} = {2014BB9C-2E8C-3A34-BC91-C4C6F76BA8C7}
	EndProjectSection
EndProject
Global
	GlobalSection(SolutionConfigurationPlatforms) = preSolution
		Debug|x64 = Debug|x64
		Release|x64 = Release|x64
		MinSizeRel|x64 = MinSizeRel|x64
		RelWithDebInfo|x64 = RelWithDebInfo|x64
	EndGlobalSection
	GlobalSection(ProjectConfigurationPlatforms) = postSolution
		{31331C04-F665-3D31-B373-1061AA5624EB}.Debug|x64.ActiveCfg = Debug|x64
		{31331C04-F665-3D31-B373-1061AA5624EB}.Debug|x64.Build.0 = Debug|x64
		{31331C04-F665-3D31-B373-1061AA5624EB}.Release|x64.ActiveCfg = Release|x64
		{31331C04-F665-3D31-B373-1061AA5624EB}.Release|x64.Build.0 = Release|x64
		{31331C04-F665-3D31-B373-1061AA5624EB}.MinSizeRel|x64.ActiveCfg = MinSizeRel|x64
		{31331C04-F665-3D31-B373-1061AA5624EB}.MinSizeRel|x64.Build.0 = MinSizeRel|x64
		{31331C04-F665-3D31-B373-1061AA5624EB}.RelWithDebInfo|x64.ActiveCfg = RelWithDebInfo|x64
		{31331C04-F665-3D31-B373-1061AA5624EB}.RelWithDebInfo|x64.Build.0 = RelWithDebInfo|x64
		{488CB971-69A2-349D-B546-B685CC0F6DB0}.Debug|x64.ActiveCfg = Debug|x64
		{488CB971-69A2-349D-B546-B685CC0F6DB0}.Release|x64.ActiveCfg = Release|x64
		{488CB971-69A2-349D-B546-B685CC0F6DB0}.MinSizeRel|x64.ActiveCfg = MinSizeRel|x64
		{488CB971-69A2-349D-B546-B685CC0F6DB0}.RelWithDebInfo|x64.ActiveCfg = RelWithDebInfo|x64
		{0032C8EF-69DE-3004-872C-74D1A6303DD7}.Debug|x64.ActiveCfg = Debug|x64
		{0032C8EF-69DE-3004-872C-74D1A6303DD7}.Release|x64.ActiveCfg = Release|x64
		{0032C8EF-69DE-3004-872C-74D1A6303DD7}.MinSizeRel|x64.ActiveCfg = MinSizeRel|x64
		{0032C8EF-69DE-3004-872C-74D1A6303DD7}.RelWithDebInfo|x64.ActiveCfg = RelWithDebInfo|x64
		{AA80A456-92CF-3E36-A052-80D81A2C8EDF}.Debug|x64.ActiveCfg = Debug|x64
		{AA80A456-92CF-3E36-A052-80D81A2C8EDF}.Release|x64.ActiveCfg = Release|x64
		{AA80A456-92CF-3E36-A052-80D81A2C8EDF}.MinSizeRel|x64.ActiveCfg = MinSizeRel|x64
		{AA80A456-92CF-3E36-A052-80D81A2C8EDF}.RelWithDebInfo|x64.ActiveCfg = RelWithDebInfo|x64
		{E663913E-18D6-3660-9FFA-242746A08F40}.Debug|x64.ActiveCfg = Debug|x64
		{E663913E-18D6-3660-9FFA-242746A08F40}.Release|x64.ActiveCfg = Release|x64
		{E663913E-18D6-3660-9FFA-242746A08F40}.MinSizeRel|x64.ActiveCfg = MinSizeRel|x64
		{E663913E-18D6-3660-9FFA-242746A08F40}.RelWithDebInfo|x64.ActiveCfg = RelWithDebInfo|x64
		{67C30212-928E-3591-8CFF-E570795AA718}.Debug|x64.ActiveCfg = Debug|x64
		{67C30212-928E-3591-8CFF-E570795AA718}.Release|x64.ActiveCfg = Release|x64
		{67C30212-928E-3591-8CFF-E570795AA718}.MinSizeRel|x64.ActiveCfg = MinSizeRel|x64
		{67C30212-928E-3591-8CFF-E570795AA718}.RelWithDebInfo|x64.ActiveCfg = RelWithDebInfo|x64
		{2FFD344F-D71E-3656-8CAE-635C52249D2A}.Debug|x64.ActiveCfg = Debug|x64
		{2FFD344F-D71E-3656-8CAE-635C52249D2A}.Release|x64.ActiveCfg = Release|x64
		{2FFD344F-D71E-3656-8CAE-635C52249D2A}.MinSizeRel|x64.ActiveCfg = MinSizeRel|x64
		{2FFD344F-D71E-3656-8CAE-635C52249D2A}.RelWithDebInfo|x64.ActiveCfg = RelWithDebInfo|x64
		{88219313-1EED-36B5-B313-2F2FF3167C97}.Debug|x64.ActiveCfg = Debug|x64
		{88219313-1EED-36B5-B313-2F2FF3167C97}.Release|x64.ActiveCfg = Release|x64
		{88219313-1EED-36B5-B313-2F2FF3167C97}.MinSizeRel|x64.ActiveCfg = MinSizeRel|x64
		{88219313-1EED-36B5-B313-2F2FF3167C97}.RelWithDebInfo|x64.ActiveCfg = RelWithDebInfo|x64
		{79488821-0228-31B8-B750-7741BBBCB963}.Debug|x64.ActiveCfg = Debug|x64
		{79488821-0228-31B8-B750-7741BBBCB963}.Debug|x64.Build.0 = Debug|x64
		{79488821-0228-31B8-B750-7741BBBCB963}.Release|x64.ActiveCfg = Release|x64
		{79488821-0228-31B8-B750-7741BBBCB963}.Release|x64.Build.0 = Release|x64
		{79488821-0228-31B8-B750-7741BBBCB963}.MinSizeRel|x64.ActiveCfg = MinSizeRel|x64
		{79488821-0228-31B8-B750-7741BBBCB963}.MinSizeRel|x64.Build.0 = MinSizeRel|x64
		{79488821-0228-31B8-B750-7741BBBCB963}.RelWithDebInfo|x64.ActiveCfg = RelWithDebInfo|x64
		{79488821-0228-31B8-B750-7741BBBCB963}.RelWithDebInfo|x64.Build.0 = RelWithDebInfo|x64
		{86F96DE0-4003-3CA3-9525-285BC8E3B265}.Debug|x64.ActiveCfg = Debug|x64
		{86F96DE0-4003-3CA3-9525-285BC8E3B265}.Debug|x64.Build.0 = Debug|x64
		{86F96DE0-4003-3CA3-9525-285BC8E3B265}.Release|x64.ActiveCfg = Release|x64
		{86F96DE0-4003-3CA3-9525-285BC8E3B265}.Release|x64.Build.0 = Release|x64
		{86F96DE0-4003-3CA3-9525-285BC8E3B265}.MinSizeRel|x64.ActiveCfg = MinSizeRel|x64
		{86F96DE0-4003-3CA3-9525-285BC8E3B265}.MinSizeRel|x64.Build.0 = MinSizeRel|x64
		{86F96DE0-4003-3CA3-9525-285BC8E3B265}.RelWithDebInfo|x64.ActiveCfg = RelWithDebInfo|x64
		{86F96DE0-4003-3CA3-9525-285BC8E3B265}.RelWithDebInfo|x64.Build.0 = RelWithDebInfo|x64
		{7616C7D7-C202-3BB4-B013-18844C848351}.Debug|x64.ActiveCfg = Debug|x64
		{7616C7D7-C202-3BB4-B013-18844C848351}.Debug|x64.Build.0 = Debug|x64
		{7616C7D7-C202-3BB4-B013-18844C848351}.Release|x64.ActiveCfg = Release|x64
		{7616C7D7-C202-3BB4-B013-18844C848351}.Release|x64.Build.0 = Release|x64
		{7616C7D7-C202-3BB4-B013-18844C848351}.MinSizeRel|x64.ActiveCfg = MinSizeRel|x64
		{7616C7D7-C202-3BB4-B013-18844C848351}.MinSizeRel|x64.Build.0 = MinSizeRel|x64
		{7616C7D7-C202-3BB4-B013-18844C848351}.RelWithDebInfo|x64.ActiveCfg = RelWithDebInfo|x64
		{7616C7D7-C202-3BB4-B013-18844C848351}.RelWithDebInfo|x64.Build.0 = RelWithDebInfo|x64
		{50D46F92-15F3-361B-8DE4-000D4D10DB6C}.Debug|x64.ActiveCfg = Debug|x64
		{50D46F92-15F3-361B-8DE4-000D4D10DB6C}.Debug|x64.Build.0 = Debug|x64
		{50D46F92-15F3-361B-8DE4-000D4D10DB6C}.Release|x64.ActiveCfg = Release|x64
		{50D46F92-15F3-361B-8DE4-000D4D10DB6C}.Release|x64.Build.0 = Release|x64
		{50D46F92-15F3-361B-8DE4-000D4D10DB6C}.MinSizeRel|x64.ActiveCfg = MinSizeRel|x64
		{50D46F92-15F3-361B-8DE4-000D4D10DB6C}.MinSizeRel|x64.Build.0 = MinSizeRel|x64
		{50D46F92-15F3-361B-8DE4-000D4D10DB6C}.RelWithDebInfo|x64.ActiveCfg = RelWithDebInfo|x64
		{50D46F92-15F3-361B-8DE4-000D4D10DB6C}.RelWithDebInfo|x64.Build.0 = RelWithDebInfo|x64
		{824A9163-C48F-3FC2-A161-A2B92BBD5B20}.Debug|x64.ActiveCfg = Debug|x64
		{824A9163-C48F-3FC2-A161-A2B92BBD5B20}.Debug|x64.Build.0 = Debug|x64
		{824A9163-C48F-3FC2-A161-A2B92BBD5B20}.Release|x64.ActiveCfg = Release|x64
		{824A9163-C48F-3FC2-A161-A2B92BBD5B20}.Release|x64.Build.0 = Release|x64
		{824A9163-C48F-3FC2-A161-A2B92BBD5B20}.MinSizeRel|x64.ActiveCfg = MinSizeRel|x64
		{824A9163-C48F-3FC2-A161-A2B92BBD5B20}.MinSizeRel|x64.Build.0 = MinSizeRel|x64
		{824A9163-C48F-3FC2-A161-A2B92BBD5B20}.RelWithDebInfo|x64.ActiveCfg = RelWithDebInfo|x64
		{824A9163-C48F-3FC2-A161-A2B92BBD5B20}.RelWithDebInfo|x64.Build.0 = RelWithDebInfo|x64
		{EB2E4165-429B-3EDA-82E8-FD9BB3C5CA1E}.Debug|x64.ActiveCfg = Debug|x64
		{EB2E4165-429B-3EDA-82E8-FD9BB3C5CA1E}.Debug|x64.Build.0 = Debug|x64
		{EB2E4165-429B-3EDA-82E8-FD9BB3C5CA1E}.Release|x64.ActiveCfg = Release|x64
		{EB2E4165-429B-3EDA-82E8-FD9BB3C5CA1E}.Release|x64.Build.0 = Release|x64
		{EB2E4165-429B-3EDA-82E8-FD9BB3C5CA1E}.MinSizeRel|x64.ActiveCfg = MinSizeRel|x64
		{EB2E4165-429B-3EDA-82E8-FD9BB3C5CA1E}.MinSizeRel|x64.Build.0 = MinSizeRel|x64
		{EB2E4165-429B-3EDA-82E8-FD9BB3C5CA1E}.RelWithDebInfo|x64.ActiveCfg = RelWithDebInfo|x64
		{EB2E4165-429B-3EDA-82E8-FD9BB3C5CA1E}.RelWithDebInfo|x64.Build.0 = RelWithDebInfo|x64
		{E51D50CA-8CFE-339A-8405-E0CD8D10EE23}.Debug|x64.ActiveCfg = Debug|x64
		{E51D50CA-8CFE-339A-8405-E0CD8D10EE23}.Debug|x64.Build.0 = Debug|x64
		{E51D50CA-8CFE-339A-8405-E0CD8D10EE23}.Release|x64.ActiveCfg = Release|x64
		{E51D50CA-8CFE-339A-8405-E0CD8D10EE23}.Release|x64.Build.0 = Release|x64
		{E51D50CA-8CFE-339A-8405-E0CD8D10EE23}.MinSizeRel|x64.ActiveCfg = MinSizeRel|x64
		{E51D50CA-8CFE-339A-8405-E0CD8D10EE23}.MinSizeRel|x64.Build.0 = MinSizeRel|x64
		{E51D50CA-8CFE-339A-8405-E0CD8D10EE23}.RelWithDebInfo|x64.ActiveCfg = RelWithDebInfo|x64
		{E51D50CA-8CFE-339A-8405-E0CD8D10EE23}.RelWithDebInfo|x64.Build.0 = RelWithDebInfo|x64
		{929175EE-31CE-3BCA-AD6C-FDDDC3D12475}.Debug|x64.ActiveCfg = Debug|x64
		{929175EE-31CE-3BCA-AD6C-FDDDC3D12475}.Debug|x64.Build.0 = Debug|x64
		{929175EE-31CE-3BCA-AD6C-FDDDC3D12475}.Release|x64.ActiveCfg = Release|x64
		{929175EE-31CE-3BCA-AD6C-FDDDC3D12475}.Release|x64.Build.0 = Release|x64
		{929175EE-31CE-3BCA-AD6C-FDDDC3D12475}.MinSizeRel|x64.ActiveCfg = MinSizeRel|x64
		{929175EE-31CE-3BCA-AD6C-FDDDC3D12475}.MinSizeRel|x64.Build.0 = MinSizeRel|x64
		{929175EE-31CE-3BCA-AD6C-FDDDC3D12475}.RelWithDebInfo|x64.ActiveCfg = RelWithDebInfo|x64
		{929175EE-31CE-3BCA-AD6C-FDDDC3D12475}.RelWithDebInfo|x64.Build.0 = RelWithDebInfo|x64
		{E8863BC0-9ABE-305A-9E36-B7236DD9C17E}.Debug|x64.ActiveCfg = Debug|x64
		{E8863BC0-9ABE-305A-9E36-B7236DD9C17E}.Debug|x64.Build.0 = Debug|x64
		{E8863BC0-9ABE-305A-9E36-B7236DD9C17E}.Release|x64.ActiveCfg = Release|x64
		{E8863BC0-9ABE-305A-9E36-B7236DD9C17E}.Release|x64.Build.0 = Release|x64
		{E8863BC0-9ABE-305A-9E36-B7236DD9C17E}.MinSizeRel|x64.ActiveCfg = MinSizeRel|x64
		{E8863BC0-9ABE-305A-9E36-B7236DD9C17E}.MinSizeRel|x64.Build.0 = MinSizeRel|x64
		{E8863BC0-9ABE-305A-9E36-B7236DD9C17E}.RelWithDebInfo|x64.ActiveCfg = RelWithDebInfo|x64
		{E8863BC0-9ABE-305A-9E36-B7236DD9C17E}.RelWithDebInfo|x64.Build.0 = RelWithDebInfo|x64
		{59487D73-668E-32C2-9905-B7AE8EE76DCD}.Debug|x64.ActiveCfg = Debug|x64
		{59487D73-668E-32C2-9905-B7AE8EE76DCD}.Debug|x64.Build.0 = Debug|x64
		{59487D73-668E-32C2-9905-B7AE8EE76DCD}.Release|x64.ActiveCfg = Release|x64
		{59487D73-668E-32C2-9905-B7AE8EE76DCD}.Release|x64.Build.0 = Release|x64
		{59487D73-668E-32C2-9905-B7AE8EE76DCD}.MinSizeRel|x64.ActiveCfg = MinSizeRel|x64
		{59487D73-668E-32C2-9905-B7AE8EE76DCD}.MinSizeRel|x64.Build.0 = MinSizeRel|x64
		{59487D73-668E-32C2-9905-B7AE8EE76DCD}.RelWithDebInfo|x64.ActiveCfg = RelWithDebInfo|x64
		{59487D73-668E-32C2-9905-B7AE8EE76DCD}.RelWithDebInfo|x64.Build.0 = RelWithDebInfo|x64
		{30D7ABDA-4AEA-3630-A9F7-58BCBFF5F15A}.Debug|x64.ActiveCfg = Debug|x64
		{30D7ABDA-4AEA-3630-A9F7-58BCBFF5F15A}.Debug|x64.Build.0 = Debug|x64
		{30D7ABDA-4AEA-3630-A9F7-58BCBFF5F15A}.Release|x64.ActiveCfg = Release|x64
		{30D7ABDA-4AEA-3630-A9F7-58BCBFF5F15A}.Release|x64.Build.0 = Release|x64
		{30D7ABDA-4AEA-3630-A9F7-58BCBFF5F15A}.MinSizeRel|x64.ActiveCfg = MinSizeRel|x64
		{30D7ABDA-4AEA-3630-A9F7-58BCBFF5F15A}.MinSizeRel|x64.Build.0 = MinSizeRel|x64
		{30D7ABDA-4AEA-3630-A9F7-58BCBFF5F15A}.RelWithDebInfo|x64.ActiveCfg = RelWithDebInfo|x64
		{30D7ABDA-4AEA-3630-A9F7-58BCBFF5F15A}.RelWithDebInfo|x64.Build.0 = RelWithDebInfo|x64
		{9D30AA6B-AA73-3C53-9E5F-369A6F7ED9C8}.Debug|x64.ActiveCfg = Debug|x64
		{9D30AA6B-AA73-3C53-9E5F-369A6F7ED9C8}.Debug|x64.Build.0 = Debug|x64
		{9D30AA6B-AA73-3C53-9E5F-369A6F7ED9C8}.Release|x64.ActiveCfg = Release|x64
		{9D30AA6B-AA73-3C53-9E5F-369A6F7ED9C8}.Release|x64.Build.0 = Release|x64
		{9D30AA6B-AA73-3C53-9E5F-369A6F7ED9C8}.MinSizeRel|x64.ActiveCfg = MinSizeRel|x64
		{9D30AA6B-AA73-3C53-9E5F-369A6F7ED9C8}.MinSizeRel|x64.Build.0 = MinSizeRel|x64
		{9D30AA6B-AA73-3C53-9E5F-369A6F7ED9C8}.RelWithDebInfo|x64.ActiveCfg = RelWithDebInfo|x64
		{9D30AA6B-AA73-3C53-9E5F-369A6F7ED9C8}.RelWithDebInfo|x64.Build.0 = RelWithDebInfo|x64
		{863320DA-76BF-33BD-A9D1-6C80F6C03877}.Debug|x64.ActiveCfg = Debug|x64
		{863320DA-76BF-33BD-A9D1-6C80F6C03877}.Debug|x64.Build.0 = Debug|x64
		{863320DA-76BF-33BD-A9D1-6C80F6C03877}.Release|x64.ActiveCfg = Release|x64
		{863320DA-76BF-33BD-A9D1-6C80F6C03877}.Release|x64.Build.0 = Release|x64
		{863320DA-76BF-33BD-A9D1-6C80F6C03877}.MinSizeRel|x64.ActiveCfg = MinSizeRel|x64
		{863320DA-76BF-33BD-A9D1-6C80F6C03877}.MinSizeRel|x64.Build.0 = MinSizeRel|x64
		{863320DA-76BF-33BD-A9D1-6C80F6C03877}.RelWithDebInfo|x64.ActiveCfg = RelWithDebInfo|x64
		{863320DA-76BF-33BD-A9D1-6C80F6C03877}.RelWithDebInfo|x64.Build.0 = RelWithDebInfo|x64
		{3687C601-32E6-33B4-90A9-F26AD588017F}.Debug|x64.ActiveCfg = Debug|x64
		{3687C601-32E6-33B4-90A9-F26AD588017F}.Debug|x64.Build.0 = Debug|x64
		{3687C601-32E6-33B4-90A9-F26AD588017F}.Release|x64.ActiveCfg = Release|x64
		{3687C601-32E6-33B4-90A9-F26AD588017F}.Release|x64.Build.0 = Release|x64
		{3687C601-32E6-33B4-90A9-F26AD588017F}.MinSizeRel|x64.ActiveCfg = MinSizeRel|x64
		{3687C601-32E6-33B4-90A9-F26AD588017F}.MinSizeRel|x64.Build.0 = MinSizeRel|x64
		{3687C601-32E6-33B4-90A9-F26AD588017F}.RelWithDebInfo|x64.ActiveCfg = RelWithDebInfo|x64
		{3687C601-32E6-33B4-90A9-F26AD588017F}.RelWithDebInfo|x64.Build.0 = RelWithDebInfo|x64
		{79D78505-5576-3FAF-8706-B93377A76DE9}.Debug|x64.ActiveCfg = Debug|x64
		{79D78505-5576-3FAF-8706-B93377A76DE9}.Debug|x64.Build.0 = Debug|x64
		{79D78505-5576-3FAF-8706-B93377A76DE9}.Release|x64.ActiveCfg = Release|x64
		{79D78505-5576-3FAF-8706-B93377A76DE9}.Release|x64.Build.0 = Release|x64
		{79D78505-5576-3FAF-8706-B93377A76DE9}.MinSizeRel|x64.ActiveCfg = MinSizeRel|x64
		{79D78505-5576-3FAF-8706-B93377A76DE9}.MinSizeRel|x64.Build.0 = MinSizeRel|x64
		{79D78505-5576-3FAF-8706-B93377A76DE9}.RelWithDebInfo|x64.ActiveCfg = RelWithDebInfo|x64
		{79D78505-5576-3FAF-8706-B93377A76DE9}.RelWithDebInfo|x64.Build.0 = RelWithDebInfo|x64
		{1F82617E-2077-339E-B98A-68FC56C0FC09}.Debug|x64.ActiveCfg = Debug|x64
		{1F82617E-2077-339E-B98A-68FC56C0FC09}.Debug|x64.Build.0 = Debug|x64
		{1F82617E-2077-339E-B98A-68FC56C0FC09}.Release|x64.ActiveCfg = Release|x64
		{1F82617E-2077-339E-B98A-68FC56C0FC09}.Release|x64.Build.0 = Release|x64
		{1F82617E-2077-339E-B98A-68FC56C0FC09}.MinSizeRel|x64.ActiveCfg = MinSizeRel|x64
		{1F82617E-2077-339E-B98A-68FC56C0FC09}.MinSizeRel|x64.Build.0 = MinSizeRel|x64
		{1F82617E-2077-339E-B98A-68FC56C0FC09}.RelWithDebInfo|x64.ActiveCfg = RelWithDebInfo|x64
		{1F82617E-2077-339E-B98A-68FC56C0FC09}.RelWithDebInfo|x64.Build.0 = RelWithDebInfo|x64
		{CCFB4D38-6BDE-32DD-A3B6-EADE454A65BF}.Debug|x64.ActiveCfg = Debug|x64
		{CCFB4D38-6BDE-32DD-A3B6-EADE454A65BF}.Debug|x64.Build.0 = Debug|x64
		{CCFB4D38-6BDE-32DD-A3B6-EADE454A65BF}.Release|x64.ActiveCfg = Release|x64
		{CCFB4D38-6BDE-32DD-A3B6-EADE454A65BF}.Release|x64.Build.0 = Release|x64
		{CCFB4D38-6BDE-32DD-A3B6-EADE454A65BF}.MinSizeRel|x64.ActiveCfg = MinSizeRel|x64
		{CCFB4D38-6BDE-32DD-A3B6-EADE454A65BF}.MinSizeRel|x64.Build.0 = MinSizeRel|x64
		{CCFB4D38-6BDE-32DD-A3B6-EADE454A65BF}.RelWithDebInfo|x64.ActiveCfg = RelWithDebInfo|x64
		{CCFB4D38-6BDE-32DD-A3B6-EADE454A65BF}.RelWithDebInfo|x64.Build.0 = RelWithDebInfo|x64
		{AA0B857A-7559-351C-B23B-601BFAA513A1}.Debug|x64.ActiveCfg = Debug|x64
		{AA0B857A-7559-351C-B23B-601BFAA513A1}.Debug|x64.Build.0 = Debug|x64
		{AA0B857A-7559-351C-B23B-601BFAA513A1}.Release|x64.ActiveCfg = Release|x64
		{AA0B857A-7559-351C-B23B-601BFAA513A1}.Release|x64.Build.0 = Release|x64
		{AA0B857A-7559-351C-B23B-601BFAA513A1}.MinSizeRel|x64.ActiveCfg = MinSizeRel|x64
		{AA0B857A-7559-351C-B23B-601BFAA513A1}.MinSizeRel|x64.Build.0 = MinSizeRel|x64
		{AA0B857A-7559-351C-B23B-601BFAA513A1}.RelWithDebInfo|x64.ActiveCfg = RelWithDebInfo|x64
		{AA0B857A-7559-351C-B23B-601BFAA513A1}.RelWithDebInfo|x64.Build.0 = RelWithDebInfo|x64
		{9FEFE3EF-4EB7-313E-A812-0B032348E6FF}.Debug|x64.ActiveCfg = Debug|x64
		{9FEFE3EF-4EB7-313E-A812-0B032348E6FF}.Debug|x64.Build.0 = Debug|x64
		{9FEFE3EF-4EB7-313E-A812-0B032348E6FF}.Release|x64.ActiveCfg = Release|x64
		{9FEFE3EF-4EB7-313E-A812-0B032348E6FF}.Release|x64.Build.0 = Release|x64
		{9FEFE3EF-4EB7-313E-A812-0B032348E6FF}.MinSizeRel|x64.ActiveCfg = MinSizeRel|x64
		{9FEFE3EF-4EB7-313E-A812-0B032348E6FF}.MinSizeRel|x64.Build.0 = MinSizeRel|x64
		{9FEFE3EF-4EB7-313E-A812-0B032348E6FF}.RelWithDebInfo|x64.ActiveCfg = RelWithDebInfo|x64
		{9FEFE3EF-4EB7-313E-A812-0B032348E6FF}.RelWithDebInfo|x64.Build.0 = RelWithDebInfo|x64
		{87E5BB8E-FE0C-35B4-BDC9-EACCAA4DAAAE}.Debug|x64.ActiveCfg = Debug|x64
		{87E5BB8E-FE0C-35B4-BDC9-EACCAA4DAAAE}.Debug|x64.Build.0 = Debug|x64
		{87E5BB8E-FE0C-35B4-BDC9-EACCAA4DAAAE}.Release|x64.ActiveCfg = Release|x64
		{87E5BB8E-FE0C-35B4-BDC9-EACCAA4DAAAE}.Release|x64.Build.0 = Release|x64
		{87E5BB8E-FE0C-35B4-BDC9-EACCAA4DAAAE}.MinSizeRel|x64.ActiveCfg = MinSizeRel|x64
		{87E5BB8E-FE0C-35B4-BDC9-EACCAA4DAAAE}.MinSizeRel|x64.Build.0 = MinSizeRel|x64
		{87E5BB8E-FE0C-35B4-BDC9-EACCAA4DAAAE}.RelWithDebInfo|x64.ActiveCfg = RelWithDebInfo|x64
		{87E5BB8E-FE0C-35B4-BDC9-EACCAA4DAAAE}.RelWithDebInfo|x64.Build.0 = RelWithDebInfo|x64
		{97F6AFAB-9295-35DD-B1DE-BF946B5E918C}.Debug|x64.ActiveCfg = Debug|x64
		{97F6AFAB-9295-35DD-B1DE-BF946B5E918C}.Debug|x64.Build.0 = Debug|x64
		{97F6AFAB-9295-35DD-B1DE-BF946B5E918C}.Release|x64.ActiveCfg = Release|x64
		{97F6AFAB-9295-35DD-B1DE-BF946B5E918C}.Release|x64.Build.0 = Release|x64
		{97F6AFAB-9295-35DD-B1DE-BF946B5E918C}.MinSizeRel|x64.ActiveCfg = MinSizeRel|x64
		{97F6AFAB-9295-35DD-B1DE-BF946B5E918C}.MinSizeRel|x64.Build.0 = MinSizeRel|x64
		{97F6AFAB-9295-35DD-B1DE-BF946B5E918C}.RelWithDebInfo|x64.ActiveCfg = RelWithDebInfo|x64
		{97F6AFAB-9295-35DD-B1DE-BF946B5E918C}.RelWithDebInfo|x64.Build.0 = RelWithDebInfo|x64
		{CE59D21E-3FFD-3DB8-9595-0B778786E919}.Debug|x64.ActiveCfg = Debug|x64
		{CE59D21E-3FFD-3DB8-9595-0B778786E919}.Debug|x64.Build.0 = Debug|x64
		{CE59D21E-3FFD-3DB8-9595-0B778786E919}.Release|x64.ActiveCfg = Release|x64
		{CE59D21E-3FFD-3DB8-9595-0B778786E919}.Release|x64.Build.0 = Release|x64
		{CE59D21E-3FFD-3DB8-9595-0B778786E919}.MinSizeRel|x64.ActiveCfg = MinSizeRel|x64
		{CE59D21E-3FFD-3DB8-9595-0B778786E919}.MinSizeRel|x64.Build.0 = MinSizeRel|x64
		{CE59D21E-3FFD-3DB8-9595-0B778786E919}.RelWithDebInfo|x64.ActiveCfg = RelWithDebInfo|x64
		{CE59D21E-3FFD-3DB8-9595-0B778786E919}.RelWithDebInfo|x64.Build.0 = RelWithDebInfo|x64
		{244BBDF5-C34B-37A9-8F1E-16C5D6B67480}.Debug|x64.ActiveCfg = Debug|x64
		{244BBDF5-C34B-37A9-8F1E-16C5D6B67480}.Debug|x64.Build.0 = Debug|x64
		{244BBDF5-C34B-37A9-8F1E-16C5D6B67480}.Release|x64.ActiveCfg = Release|x64
		{244BBDF5-C34B-37A9-8F1E-16C5D6B67480}.Release|x64.Build.0 = Release|x64
		{244BBDF5-C34B-37A9-8F1E-16C5D6B67480}.MinSizeRel|x64.ActiveCfg = MinSizeRel|x64
		{244BBDF5-C34B-37A9-8F1E-16C5D6B67480}.MinSizeRel|x64.Build.0 = MinSizeRel|x64
		{244BBDF5-C34B-37A9-8F1E-16C5D6B67480}.RelWithDebInfo|x64.ActiveCfg = RelWithDebInfo|x64
		{244BBDF5-C34B-37A9-8F1E-16C5D6B67480}.RelWithDebInfo|x64.Build.0 = RelWithDebInfo|x64
		{41F7CEED-000C-3CE7-A5D8-DA762BB60952}.Debug|x64.ActiveCfg = Debug|x64
		{41F7CEED-000C-3CE7-A5D8-DA762BB60952}.Debug|x64.Build.0 = Debug|x64
		{41F7CEED-000C-3CE7-A5D8-DA762BB60952}.Release|x64.ActiveCfg = Release|x64
		{41F7CEED-000C-3CE7-A5D8-DA762BB60952}.Release|x64.Build.0 = Release|x64
		{41F7CEED-000C-3CE7-A5D8-DA762BB60952}.MinSizeRel|x64.ActiveCfg = MinSizeRel|x64
		{41F7CEED-000C-3CE7-A5D8-DA762BB60952}.MinSizeRel|x64.Build.0 = MinSizeRel|x64
		{41F7CEED-000C-3CE7-A5D8-DA762BB60952}.RelWithDebInfo|x64.ActiveCfg = RelWithDebInfo|x64
		{41F7CEED-000C-3CE7-A5D8-DA762BB60952}.RelWithDebInfo|x64.Build.0 = RelWithDebInfo|x64
		{9F9158A1-14C6-3276-A41A-EF914D56F89B}.Debug|x64.ActiveCfg = Debug|x64
		{9F9158A1-14C6-3276-A41A-EF914D56F89B}.Debug|x64.Build.0 = Debug|x64
		{9F9158A1-14C6-3276-A41A-EF914D56F89B}.Release|x64.ActiveCfg = Release|x64
		{9F9158A1-14C6-3276-A41A-EF914D56F89B}.Release|x64.Build.0 = Release|x64
		{9F9158A1-14C6-3276-A41A-EF914D56F89B}.MinSizeRel|x64.ActiveCfg = MinSizeRel|x64
		{9F9158A1-14C6-3276-A41A-EF914D56F89B}.MinSizeRel|x64.Build.0 = MinSizeRel|x64
		{9F9158A1-14C6-3276-A41A-EF914D56F89B}.RelWithDebInfo|x64.ActiveCfg = RelWithDebInfo|x64
		{9F9158A1-14C6-3276-A41A-EF914D56F89B}.RelWithDebInfo|x64.Build.0 = RelWithDebInfo|x64
		{1A7CF613-656A-3626-9E8D-681956439C09}.Debug|x64.ActiveCfg = Debug|x64
		{1A7CF613-656A-3626-9E8D-681956439C09}.Debug|x64.Build.0 = Debug|x64
		{1A7CF613-656A-3626-9E8D-681956439C09}.Release|x64.ActiveCfg = Release|x64
		{1A7CF613-656A-3626-9E8D-681956439C09}.Release|x64.Build.0 = Release|x64
		{1A7CF613-656A-3626-9E8D-681956439C09}.MinSizeRel|x64.ActiveCfg = MinSizeRel|x64
		{1A7CF613-656A-3626-9E8D-681956439C09}.MinSizeRel|x64.Build.0 = MinSizeRel|x64
		{1A7CF613-656A-3626-9E8D-681956439C09}.RelWithDebInfo|x64.ActiveCfg = RelWithDebInfo|x64
		{1A7CF613-656A-3626-9E8D-681956439C09}.RelWithDebInfo|x64.Build.0 = RelWithDebInfo|x64
		{C11161C1-961D-36DE-9D11-C333F83779FC}.Debug|x64.ActiveCfg = Debug|x64
		{C11161C1-961D-36DE-9D11-C333F83779FC}.Debug|x64.Build.0 = Debug|x64
		{C11161C1-961D-36DE-9D11-C333F83779FC}.Release|x64.ActiveCfg = Release|x64
		{C11161C1-961D-36DE-9D11-C333F83779FC}.Release|x64.Build.0 = Release|x64
		{C11161C1-961D-36DE-9D11-C333F83779FC}.MinSizeRel|x64.ActiveCfg = MinSizeRel|x64
		{C11161C1-961D-36DE-9D11-C333F83779FC}.MinSizeRel|x64.Build.0 = MinSizeRel|x64
		{C11161C1-961D-36DE-9D11-C333F83779FC}.RelWithDebInfo|x64.ActiveCfg = RelWithDebInfo|x64
		{C11161C1-961D-36DE-9D11-C333F83779FC}.RelWithDebInfo|x64.Build.0 = RelWithDebInfo|x64
		{3E045291-D620-3C5E-B40E-D97EB6089468}.Debug|x64.ActiveCfg = Debug|x64
		{3E045291-D620-3C5E-B40E-D97EB6089468}.Debug|x64.Build.0 = Debug|x64
		{3E045291-D620-3C5E-B40E-D97EB6089468}.Release|x64.ActiveCfg = Release|x64
		{3E045291-D620-3C5E-B40E-D97EB6089468}.Release|x64.Build.0 = Release|x64
		{3E045291-D620-3C5E-B40E-D97EB6089468}.MinSizeRel|x64.ActiveCfg = MinSizeRel|x64
		{3E045291-D620-3C5E-B40E-D97EB6089468}.MinSizeRel|x64.Build.0 = MinSizeRel|x64
		{3E045291-D620-3C5E-B40E-D97EB6089468}.RelWithDebInfo|x64.ActiveCfg = RelWithDebInfo|x64
		{3E045291-D620-3C5E-B40E-D97EB6089468}.RelWithDebInfo|x64.Build.0 = RelWithDebInfo|x64
		{D7C3FBBB-B1C7-3B10-BB9A-61F4AB5BAD31}.Debug|x64.ActiveCfg = Debug|x64
		{D7C3FBBB-B1C7-3B10-BB9A-61F4AB5BAD31}.Debug|x64.Build.0 = Debug|x64
		{D7C3FBBB-B1C7-3B10-BB9A-61F4AB5BAD31}.Release|x64.ActiveCfg = Release|x64
		{D7C3FBBB-B1C7-3B10-BB9A-61F4AB5BAD31}.Release|x64.Build.0 = Release|x64
		{D7C3FBBB-B1C7-3B10-BB9A-61F4AB5BAD31}.MinSizeRel|x64.ActiveCfg = MinSizeRel|x64
		{D7C3FBBB-B1C7-3B10-BB9A-61F4AB5BAD31}.MinSizeRel|x64.Build.0 = MinSizeRel|x64
		{D7C3FBBB-B1C7-3B10-BB9A-61F4AB5BAD31}.RelWithDebInfo|x64.ActiveCfg = RelWithDebInfo|x64
		{D7C3FBBB-B1C7-3B10-BB9A-61F4AB5BAD31}.RelWithDebInfo|x64.Build.0 = RelWithDebInfo|x64
		{F0D88E1C-9D30-3012-BA4A-16DAEB4C9C59}.Debug|x64.ActiveCfg = Debug|x64
		{F0D88E1C-9D30-3012-BA4A-16DAEB4C9C59}.Debug|x64.Build.0 = Debug|x64
		{F0D88E1C-9D30-3012-BA4A-16DAEB4C9C59}.Release|x64.ActiveCfg = Release|x64
		{F0D88E1C-9D30-3012-BA4A-16DAEB4C9C59}.Release|x64.Build.0 = Release|x64
		{F0D88E1C-9D30-3012-BA4A-16DAEB4C9C59}.MinSizeRel|x64.ActiveCfg = MinSizeRel|x64
		{F0D88E1C-9D30-3012-BA4A-16DAEB4C9C59}.MinSizeRel|x64.Build.0 = MinSizeRel|x64
		{F0D88E1C-9D30-3012-BA4A-16DAEB4C9C59}.RelWithDebInfo|x64.ActiveCfg = RelWithDebInfo|x64
		{F0D88E1C-9D30-3012-BA4A-16DAEB4C9C59}.RelWithDebInfo|x64.Build.0 = RelWithDebInfo|x64
		{35DCF99C-49FC-3C78-B474-95D7B14A65E4}.Debug|x64.ActiveCfg = Debug|x64
		{35DCF99C-49FC-3C78-B474-95D7B14A65E4}.Debug|x64.Build.0 = Debug|x64
		{35DCF99C-49FC-3C78-B474-95D7B14A65E4}.Release|x64.ActiveCfg = Release|x64
		{35DCF99C-49FC-3C78-B474-95D7B14A65E4}.Release|x64.Build.0 = Release|x64
		{35DCF99C-49FC-3C78-B474-95D7B14A65E4}.MinSizeRel|x64.ActiveCfg = MinSizeRel|x64
		{35DCF99C-49FC-3C78-B474-95D7B14A65E4}.MinSizeRel|x64.Build.0 = MinSizeRel|x64
		{35DCF99C-49FC-3C78-B474-95D7B14A65E4}.RelWithDebInfo|x64.ActiveCfg = RelWithDebInfo|x64
		{35DCF99C-49FC-3C78-B474-95D7B14A65E4}.RelWithDebInfo|x64.Build.0 = RelWithDebInfo|x64
		{3C064BA4-FFB5-3AA3-B4EE-596D23B3C313}.Debug|x64.ActiveCfg = Debug|x64
		{3C064BA4-FFB5-3AA3-B4EE-596D23B3C313}.Debug|x64.Build.0 = Debug|x64
		{3C064BA4-FFB5-3AA3-B4EE-596D23B3C313}.Release|x64.ActiveCfg = Release|x64
		{3C064BA4-FFB5-3AA3-B4EE-596D23B3C313}.Release|x64.Build.0 = Release|x64
		{3C064BA4-FFB5-3AA3-B4EE-596D23B3C313}.MinSizeRel|x64.ActiveCfg = MinSizeRel|x64
		{3C064BA4-FFB5-3AA3-B4EE-596D23B3C313}.MinSizeRel|x64.Build.0 = MinSizeRel|x64
		{3C064BA4-FFB5-3AA3-B4EE-596D23B3C313}.RelWithDebInfo|x64.ActiveCfg = RelWithDebInfo|x64
		{3C064BA4-FFB5-3AA3-B4EE-596D23B3C313}.RelWithDebInfo|x64.Build.0 = RelWithDebInfo|x64
		{A5234776-32CD-37FD-B691-EABA048B1243}.Debug|x64.ActiveCfg = Debug|x64
		{A5234776-32CD-37FD-B691-EABA048B1243}.Debug|x64.Build.0 = Debug|x64
		{A5234776-32CD-37FD-B691-EABA048B1243}.Release|x64.ActiveCfg = Release|x64
		{A5234776-32CD-37FD-B691-EABA048B1243}.Release|x64.Build.0 = Release|x64
		{A5234776-32CD-37FD-B691-EABA048B1243}.MinSizeRel|x64.ActiveCfg = MinSizeRel|x64
		{A5234776-32CD-37FD-B691-EABA048B1243}.MinSizeRel|x64.Build.0 = MinSizeRel|x64
		{A5234776-32CD-37FD-B691-EABA048B1243}.RelWithDebInfo|x64.ActiveCfg = RelWithDebInfo|x64
		{A5234776-32CD-37FD-B691-EABA048B1243}.RelWithDebInfo|x64.Build.0 = RelWithDebInfo|x64
		{93E241FD-D96C-326F-AA61-E31A509A1B04}.Debug|x64.ActiveCfg = Debug|x64
		{93E241FD-D96C-326F-AA61-E31A509A1B04}.Debug|x64.Build.0 = Debug|x64
		{93E241FD-D96C-326F-AA61-E31A509A1B04}.Release|x64.ActiveCfg = Release|x64
		{93E241FD-D96C-326F-AA61-E31A509A1B04}.Release|x64.Build.0 = Release|x64
		{93E241FD-D96C-326F-AA61-E31A509A1B04}.MinSizeRel|x64.ActiveCfg = MinSizeRel|x64
		{93E241FD-D96C-326F-AA61-E31A509A1B04}.MinSizeRel|x64.Build.0 = MinSizeRel|x64
		{93E241FD-D96C-326F-AA61-E31A509A1B04}.RelWithDebInfo|x64.ActiveCfg = RelWithDebInfo|x64
		{93E241FD-D96C-326F-AA61-E31A509A1B04}.RelWithDebInfo|x64.Build.0 = RelWithDebInfo|x64
		{5651C378-0E65-3CAE-83B0-61D9250DA708}.Debug|x64.ActiveCfg = Debug|x64
		{5651C378-0E65-3CAE-83B0-61D9250DA708}.Debug|x64.Build.0 = Debug|x64
		{5651C378-0E65-3CAE-83B0-61D9250DA708}.Release|x64.ActiveCfg = Release|x64
		{5651C378-0E65-3CAE-83B0-61D9250DA708}.Release|x64.Build.0 = Release|x64
		{5651C378-0E65-3CAE-83B0-61D9250DA708}.MinSizeRel|x64.ActiveCfg = MinSizeRel|x64
		{5651C378-0E65-3CAE-83B0-61D9250DA708}.MinSizeRel|x64.Build.0 = MinSizeRel|x64
		{5651C378-0E65-3CAE-83B0-61D9250DA708}.RelWithDebInfo|x64.ActiveCfg = RelWithDebInfo|x64
		{5651C378-0E65-3CAE-83B0-61D9250DA708}.RelWithDebInfo|x64.Build.0 = RelWithDebInfo|x64
		{A25A742C-6C80-3BCB-AD23-82B2F4D79016}.Debug|x64.ActiveCfg = Debug|x64
		{A25A742C-6C80-3BCB-AD23-82B2F4D79016}.Debug|x64.Build.0 = Debug|x64
		{A25A742C-6C80-3BCB-AD23-82B2F4D79016}.Release|x64.ActiveCfg = Release|x64
		{A25A742C-6C80-3BCB-AD23-82B2F4D79016}.Release|x64.Build.0 = Release|x64
		{A25A742C-6C80-3BCB-AD23-82B2F4D79016}.MinSizeRel|x64.ActiveCfg = MinSizeRel|x64
		{A25A742C-6C80-3BCB-AD23-82B2F4D79016}.MinSizeRel|x64.Build.0 = MinSizeRel|x64
		{A25A742C-6C80-3BCB-AD23-82B2F4D79016}.RelWithDebInfo|x64.ActiveCfg = RelWithDebInfo|x64
		{A25A742C-6C80-3BCB-AD23-82B2F4D79016}.RelWithDebInfo|x64.Build.0 = RelWithDebInfo|x64
		{690BC924-8F04-331E-9D24-28CAD0F5F770}.Debug|x64.ActiveCfg = Debug|x64
		{690BC924-8F04-331E-9D24-28CAD0F5F770}.Debug|x64.Build.0 = Debug|x64
		{690BC924-8F04-331E-9D24-28CAD0F5F770}.Release|x64.ActiveCfg = Release|x64
		{690BC924-8F04-331E-9D24-28CAD0F5F770}.Release|x64.Build.0 = Release|x64
		{690BC924-8F04-331E-9D24-28CAD0F5F770}.MinSizeRel|x64.ActiveCfg = MinSizeRel|x64
		{690BC924-8F04-331E-9D24-28CAD0F5F770}.MinSizeRel|x64.Build.0 = MinSizeRel|x64
		{690BC924-8F04-331E-9D24-28CAD0F5F770}.RelWithDebInfo|x64.ActiveCfg = RelWithDebInfo|x64
		{690BC924-8F04-331E-9D24-28CAD0F5F770}.RelWithDebInfo|x64.Build.0 = RelWithDebInfo|x64
		{8E33C4FA-7E95-32F2-B2F0-924FBFA49282}.Debug|x64.ActiveCfg = Debug|x64
		{8E33C4FA-7E95-32F2-B2F0-924FBFA49282}.Debug|x64.Build.0 = Debug|x64
		{8E33C4FA-7E95-32F2-B2F0-924FBFA49282}.Release|x64.ActiveCfg = Release|x64
		{8E33C4FA-7E95-32F2-B2F0-924FBFA49282}.Release|x64.Build.0 = Release|x64
		{8E33C4FA-7E95-32F2-B2F0-924FBFA49282}.MinSizeRel|x64.ActiveCfg = MinSizeRel|x64
		{8E33C4FA-7E95-32F2-B2F0-924FBFA49282}.MinSizeRel|x64.Build.0 = MinSizeRel|x64
		{8E33C4FA-7E95-32F2-B2F0-924FBFA49282}.RelWithDebInfo|x64.ActiveCfg = RelWithDebInfo|x64
		{8E33C4FA-7E95-32F2-B2F0-924FBFA49282}.RelWithDebInfo|x64.Build.0 = RelWithDebInfo|x64
		{C7DE215A-F1DD-3CEF-8E16-B6BDAEEF8C20}.Debug|x64.ActiveCfg = Debug|x64
		{C7DE215A-F1DD-3CEF-8E16-B6BDAEEF8C20}.Debug|x64.Build.0 = Debug|x64
		{C7DE215A-F1DD-3CEF-8E16-B6BDAEEF8C20}.Release|x64.ActiveCfg = Release|x64
		{C7DE215A-F1DD-3CEF-8E16-B6BDAEEF8C20}.Release|x64.Build.0 = Release|x64
		{C7DE215A-F1DD-3CEF-8E16-B6BDAEEF8C20}.MinSizeRel|x64.ActiveCfg = MinSizeRel|x64
		{C7DE215A-F1DD-3CEF-8E16-B6BDAEEF8C20}.MinSizeRel|x64.Build.0 = MinSizeRel|x64
		{C7DE215A-F1DD-3CEF-8E16-B6BDAEEF8C20}.RelWithDebInfo|x64.ActiveCfg = RelWithDebInfo|x64
		{C7DE215A-F1DD-3CEF-8E16-B6BDAEEF8C20}.RelWithDebInfo|x64.Build.0 = RelWithDebInfo|x64
		{827869FC-B0BD-3733-AE64-40D4B07A7AD3}.Debug|x64.ActiveCfg = Debug|x64
		{827869FC-B0BD-3733-AE64-40D4B07A7AD3}.Debug|x64.Build.0 = Debug|x64
		{827869FC-B0BD-3733-AE64-40D4B07A7AD3}.Release|x64.ActiveCfg = Release|x64
		{827869FC-B0BD-3733-AE64-40D4B07A7AD3}.Release|x64.Build.0 = Release|x64
		{827869FC-B0BD-3733-AE64-40D4B07A7AD3}.MinSizeRel|x64.ActiveCfg = MinSizeRel|x64
		{827869FC-B0BD-3733-AE64-40D4B07A7AD3}.MinSizeRel|x64.Build.0 = MinSizeRel|x64
		{827869FC-B0BD-3733-AE64-40D4B07A7AD3}.RelWithDebInfo|x64.ActiveCfg = RelWithDebInfo|x64
		{827869FC-B0BD-3733-AE64-40D4B07A7AD3}.RelWithDebInfo|x64.Build.0 = RelWithDebInfo|x64
		{3B669014-B4C5-3EB2-B47D-2BCC02EFB050}.Debug|x64.ActiveCfg = Debug|x64
		{3B669014-B4C5-3EB2-B47D-2BCC02EFB050}.Debug|x64.Build.0 = Debug|x64
		{3B669014-B4C5-3EB2-B47D-2BCC02EFB050}.Release|x64.ActiveCfg = Release|x64
		{3B669014-B4C5-3EB2-B47D-2BCC02EFB050}.Release|x64.Build.0 = Release|x64
		{3B669014-B4C5-3EB2-B47D-2BCC02EFB050}.MinSizeRel|x64.ActiveCfg = MinSizeRel|x64
		{3B669014-B4C5-3EB2-B47D-2BCC02EFB050}.MinSizeRel|x64.Build.0 = MinSizeRel|x64
		{3B669014-B4C5-3EB2-B47D-2BCC02EFB050}.RelWithDebInfo|x64.ActiveCfg = RelWithDebInfo|x64
		{3B669014-B4C5-3EB2-B47D-2BCC02EFB050}.RelWithDebInfo|x64.Build.0 = RelWithDebInfo|x64
		{F9E3AC0D-89CA-32FB-950E-A2310C49350F}.Debug|x64.ActiveCfg = Debug|x64
		{F9E3AC0D-89CA-32FB-950E-A2310C49350F}.Debug|x64.Build.0 = Debug|x64
		{F9E3AC0D-89CA-32FB-950E-A2310C49350F}.Release|x64.ActiveCfg = Release|x64
		{F9E3AC0D-89CA-32FB-950E-A2310C49350F}.Release|x64.Build.0 = Release|x64
		{F9E3AC0D-89CA-32FB-950E-A2310C49350F}.MinSizeRel|x64.ActiveCfg = MinSizeRel|x64
		{F9E3AC0D-89CA-32FB-950E-A2310C49350F}.MinSizeRel|x64.Build.0 = MinSizeRel|x64
		{F9E3AC0D-89CA-32FB-950E-A2310C49350F}.RelWithDebInfo|x64.ActiveCfg = RelWithDebInfo|x64
		{F9E3AC0D-89CA-32FB-950E-A2310C49350F}.RelWithDebInfo|x64.Build.0 = RelWithDebInfo|x64
		{A94B99BC-94EE-3C0B-A2AD-B97673AD1924}.Debug|x64.ActiveCfg = Debug|x64
		{A94B99BC-94EE-3C0B-A2AD-B97673AD1924}.Debug|x64.Build.0 = Debug|x64
		{A94B99BC-94EE-3C0B-A2AD-B97673AD1924}.Release|x64.ActiveCfg = Release|x64
		{A94B99BC-94EE-3C0B-A2AD-B97673AD1924}.Release|x64.Build.0 = Release|x64
		{A94B99BC-94EE-3C0B-A2AD-B97673AD1924}.MinSizeRel|x64.ActiveCfg = MinSizeRel|x64
		{A94B99BC-94EE-3C0B-A2AD-B97673AD1924}.MinSizeRel|x64.Build.0 = MinSizeRel|x64
		{A94B99BC-94EE-3C0B-A2AD-B97673AD1924}.RelWithDebInfo|x64.ActiveCfg = RelWithDebInfo|x64
		{A94B99BC-94EE-3C0B-A2AD-B97673AD1924}.RelWithDebInfo|x64.Build.0 = RelWithDebInfo|x64
		{5D70E345-1988-3C56-B21B-F050B5984F1A}.Debug|x64.ActiveCfg = Debug|x64
		{5D70E345-1988-3C56-B21B-F050B5984F1A}.Debug|x64.Build.0 = Debug|x64
		{5D70E345-1988-3C56-B21B-F050B5984F1A}.Release|x64.ActiveCfg = Release|x64
		{5D70E345-1988-3C56-B21B-F050B5984F1A}.Release|x64.Build.0 = Release|x64
		{5D70E345-1988-3C56-B21B-F050B5984F1A}.MinSizeRel|x64.ActiveCfg = MinSizeRel|x64
		{5D70E345-1988-3C56-B21B-F050B5984F1A}.MinSizeRel|x64.Build.0 = MinSizeRel|x64
		{5D70E345-1988-3C56-B21B-F050B5984F1A}.RelWithDebInfo|x64.ActiveCfg = RelWithDebInfo|x64
		{5D70E345-1988-3C56-B21B-F050B5984F1A}.RelWithDebInfo|x64.Build.0 = RelWithDebInfo|x64
		{DC8EEEDD-B72B-333C-9220-88ADC2C31FA8}.Debug|x64.ActiveCfg = Debug|x64
		{DC8EEEDD-B72B-333C-9220-88ADC2C31FA8}.Debug|x64.Build.0 = Debug|x64
		{DC8EEEDD-B72B-333C-9220-88ADC2C31FA8}.Release|x64.ActiveCfg = Release|x64
		{DC8EEEDD-B72B-333C-9220-88ADC2C31FA8}.Release|x64.Build.0 = Release|x64
		{DC8EEEDD-B72B-333C-9220-88ADC2C31FA8}.MinSizeRel|x64.ActiveCfg = MinSizeRel|x64
		{DC8EEEDD-B72B-333C-9220-88ADC2C31FA8}.MinSizeRel|x64.Build.0 = MinSizeRel|x64
		{DC8EEEDD-B72B-333C-9220-88ADC2C31FA8}.RelWithDebInfo|x64.ActiveCfg = RelWithDebInfo|x64
		{DC8EEEDD-B72B-333C-9220-88ADC2C31FA8}.RelWithDebInfo|x64.Build.0 = RelWithDebInfo|x64
		{3B9CF0AD-34E8-3D55-9A33-ABD11A6AD25B}.Debug|x64.ActiveCfg = Debug|x64
		{3B9CF0AD-34E8-3D55-9A33-ABD11A6AD25B}.Debug|x64.Build.0 = Debug|x64
		{3B9CF0AD-34E8-3D55-9A33-ABD11A6AD25B}.Release|x64.ActiveCfg = Release|x64
		{3B9CF0AD-34E8-3D55-9A33-ABD11A6AD25B}.Release|x64.Build.0 = Release|x64
		{3B9CF0AD-34E8-3D55-9A33-ABD11A6AD25B}.MinSizeRel|x64.ActiveCfg = MinSizeRel|x64
		{3B9CF0AD-34E8-3D55-9A33-ABD11A6AD25B}.MinSizeRel|x64.Build.0 = MinSizeRel|x64
		{3B9CF0AD-34E8-3D55-9A33-ABD11A6AD25B}.RelWithDebInfo|x64.ActiveCfg = RelWithDebInfo|x64
		{3B9CF0AD-34E8-3D55-9A33-ABD11A6AD25B}.RelWithDebInfo|x64.Build.0 = RelWithDebInfo|x64
		{5A142621-EBF4-3FDC-AEA6-7E7DE337F6E1}.Debug|x64.ActiveCfg = Debug|x64
		{5A142621-EBF4-3FDC-AEA6-7E7DE337F6E1}.Debug|x64.Build.0 = Debug|x64
		{5A142621-EBF4-3FDC-AEA6-7E7DE337F6E1}.Release|x64.ActiveCfg = Release|x64
		{5A142621-EBF4-3FDC-AEA6-7E7DE337F6E1}.Release|x64.Build.0 = Release|x64
		{5A142621-EBF4-3FDC-AEA6-7E7DE337F6E1}.MinSizeRel|x64.ActiveCfg = MinSizeRel|x64
		{5A142621-EBF4-3FDC-AEA6-7E7DE337F6E1}.MinSizeRel|x64.Build.0 = MinSizeRel|x64
		{5A142621-EBF4-3FDC-AEA6-7E7DE337F6E1}.RelWithDebInfo|x64.ActiveCfg = RelWithDebInfo|x64
		{5A142621-EBF4-3FDC-AEA6-7E7DE337F6E1}.RelWithDebInfo|x64.Build.0 = RelWithDebInfo|x64
		{21AEEF3A-B641-3664-A2C3-0930E7F4D54D}.Debug|x64.ActiveCfg = Debug|x64
		{21AEEF3A-B641-3664-A2C3-0930E7F4D54D}.Debug|x64.Build.0 = Debug|x64
		{21AEEF3A-B641-3664-A2C3-0930E7F4D54D}.Release|x64.ActiveCfg = Release|x64
		{21AEEF3A-B641-3664-A2C3-0930E7F4D54D}.Release|x64.Build.0 = Release|x64
		{21AEEF3A-B641-3664-A2C3-0930E7F4D54D}.MinSizeRel|x64.ActiveCfg = MinSizeRel|x64
		{21AEEF3A-B641-3664-A2C3-0930E7F4D54D}.MinSizeRel|x64.Build.0 = MinSizeRel|x64
		{21AEEF3A-B641-3664-A2C3-0930E7F4D54D}.RelWithDebInfo|x64.ActiveCfg = RelWithDebInfo|x64
		{21AEEF3A-B641-3664-A2C3-0930E7F4D54D}.RelWithDebInfo|x64.Build.0 = RelWithDebInfo|x64
		{93F1CBD9-AF00-3018-B111-86FD1FADCA8D}.Debug|x64.ActiveCfg = Debug|x64
		{93F1CBD9-AF00-3018-B111-86FD1FADCA8D}.Debug|x64.Build.0 = Debug|x64
		{93F1CBD9-AF00-3018-B111-86FD1FADCA8D}.Release|x64.ActiveCfg = Release|x64
		{93F1CBD9-AF00-3018-B111-86FD1FADCA8D}.Release|x64.Build.0 = Release|x64
		{93F1CBD9-AF00-3018-B111-86FD1FADCA8D}.MinSizeRel|x64.ActiveCfg = MinSizeRel|x64
		{93F1CBD9-AF00-3018-B111-86FD1FADCA8D}.MinSizeRel|x64.Build.0 = MinSizeRel|x64
		{93F1CBD9-AF00-3018-B111-86FD1FADCA8D}.RelWithDebInfo|x64.ActiveCfg = RelWithDebInfo|x64
		{93F1CBD9-AF00-3018-B111-86FD1FADCA8D}.RelWithDebInfo|x64.Build.0 = RelWithDebInfo|x64
		{B71412AD-AA74-3514-9EA1-59B3344A2994}.Debug|x64.ActiveCfg = Debug|x64
		{B71412AD-AA74-3514-9EA1-59B3344A2994}.Debug|x64.Build.0 = Debug|x64
		{B71412AD-AA74-3514-9EA1-59B3344A2994}.Release|x64.ActiveCfg = Release|x64
		{B71412AD-AA74-3514-9EA1-59B3344A2994}.Release|x64.Build.0 = Release|x64
		{B71412AD-AA74-3514-9EA1-59B3344A2994}.MinSizeRel|x64.ActiveCfg = MinSizeRel|x64
		{B71412AD-AA74-3514-9EA1-59B3344A2994}.MinSizeRel|x64.Build.0 = MinSizeRel|x64
		{B71412AD-AA74-3514-9EA1-59B3344A2994}.RelWithDebInfo|x64.ActiveCfg = RelWithDebInfo|x64
		{B71412AD-AA74-3514-9EA1-59B3344A2994}.RelWithDebInfo|x64.Build.0 = RelWithDebInfo|x64
		{9CD2A34D-B8F8-39AA-82D9-345A2EBCFB63}.Debug|x64.ActiveCfg = Debug|x64
		{9CD2A34D-B8F8-39AA-82D9-345A2EBCFB63}.Debug|x64.Build.0 = Debug|x64
		{9CD2A34D-B8F8-39AA-82D9-345A2EBCFB63}.Release|x64.ActiveCfg = Release|x64
		{9CD2A34D-B8F8-39AA-82D9-345A2EBCFB63}.Release|x64.Build.0 = Release|x64
		{9CD2A34D-B8F8-39AA-82D9-345A2EBCFB63}.MinSizeRel|x64.ActiveCfg = MinSizeRel|x64
		{9CD2A34D-B8F8-39AA-82D9-345A2EBCFB63}.MinSizeRel|x64.Build.0 = MinSizeRel|x64
		{9CD2A34D-B8F8-39AA-82D9-345A2EBCFB63}.RelWithDebInfo|x64.ActiveCfg = RelWithDebInfo|x64
		{9CD2A34D-B8F8-39AA-82D9-345A2EBCFB63}.RelWithDebInfo|x64.Build.0 = RelWithDebInfo|x64
		{9B9C4E9C-FC19-311C-B353-F23E457C1327}.Debug|x64.ActiveCfg = Debug|x64
		{9B9C4E9C-FC19-311C-B353-F23E457C1327}.Debug|x64.Build.0 = Debug|x64
		{9B9C4E9C-FC19-311C-B353-F23E457C1327}.Release|x64.ActiveCfg = Release|x64
		{9B9C4E9C-FC19-311C-B353-F23E457C1327}.Release|x64.Build.0 = Release|x64
		{9B9C4E9C-FC19-311C-B353-F23E457C1327}.MinSizeRel|x64.ActiveCfg = MinSizeRel|x64
		{9B9C4E9C-FC19-311C-B353-F23E457C1327}.MinSizeRel|x64.Build.0 = MinSizeRel|x64
		{9B9C4E9C-FC19-311C-B353-F23E457C1327}.RelWithDebInfo|x64.ActiveCfg = RelWithDebInfo|x64
		{9B9C4E9C-FC19-311C-B353-F23E457C1327}.RelWithDebInfo|x64.Build.0 = RelWithDebInfo|x64
		{E5A8930B-3A79-32B6-AC29-8423990B4B20}.Debug|x64.ActiveCfg = Debug|x64
		{E5A8930B-3A79-32B6-AC29-8423990B4B20}.Debug|x64.Build.0 = Debug|x64
		{E5A8930B-3A79-32B6-AC29-8423990B4B20}.Release|x64.ActiveCfg = Release|x64
		{E5A8930B-3A79-32B6-AC29-8423990B4B20}.Release|x64.Build.0 = Release|x64
		{E5A8930B-3A79-32B6-AC29-8423990B4B20}.MinSizeRel|x64.ActiveCfg = MinSizeRel|x64
		{E5A8930B-3A79-32B6-AC29-8423990B4B20}.MinSizeRel|x64.Build.0 = MinSizeRel|x64
		{E5A8930B-3A79-32B6-AC29-8423990B4B20}.RelWithDebInfo|x64.ActiveCfg = RelWithDebInfo|x64
		{E5A8930B-3A79-32B6-AC29-8423990B4B20}.RelWithDebInfo|x64.Build.0 = RelWithDebInfo|x64
		{6F08BFF2-DD20-3E9E-9512-F4E266FDCF6A}.Debug|x64.ActiveCfg = Debug|x64
		{6F08BFF2-DD20-3E9E-9512-F4E266FDCF6A}.Debug|x64.Build.0 = Debug|x64
		{6F08BFF2-DD20-3E9E-9512-F4E266FDCF6A}.Release|x64.ActiveCfg = Release|x64
		{6F08BFF2-DD20-3E9E-9512-F4E266FDCF6A}.Release|x64.Build.0 = Release|x64
		{6F08BFF2-DD20-3E9E-9512-F4E266FDCF6A}.MinSizeRel|x64.ActiveCfg = MinSizeRel|x64
		{6F08BFF2-DD20-3E9E-9512-F4E266FDCF6A}.MinSizeRel|x64.Build.0 = MinSizeRel|x64
		{6F08BFF2-DD20-3E9E-9512-F4E266FDCF6A}.RelWithDebInfo|x64.ActiveCfg = RelWithDebInfo|x64
		{6F08BFF2-DD20-3E9E-9512-F4E266FDCF6A}.RelWithDebInfo|x64.Build.0 = RelWithDebInfo|x64
		{5DE10C1D-387E-301D-83E7-18A1A1D1CB45}.Debug|x64.ActiveCfg = Debug|x64
		{5DE10C1D-387E-301D-83E7-18A1A1D1CB45}.Debug|x64.Build.0 = Debug|x64
		{5DE10C1D-387E-301D-83E7-18A1A1D1CB45}.Release|x64.ActiveCfg = Release|x64
		{5DE10C1D-387E-301D-83E7-18A1A1D1CB45}.Release|x64.Build.0 = Release|x64
		{5DE10C1D-387E-301D-83E7-18A1A1D1CB45}.MinSizeRel|x64.ActiveCfg = MinSizeRel|x64
		{5DE10C1D-387E-301D-83E7-18A1A1D1CB45}.MinSizeRel|x64.Build.0 = MinSizeRel|x64
		{5DE10C1D-387E-301D-83E7-18A1A1D1CB45}.RelWithDebInfo|x64.ActiveCfg = RelWithDebInfo|x64
		{5DE10C1D-387E-301D-83E7-18A1A1D1CB45}.RelWithDebInfo|x64.Build.0 = RelWithDebInfo|x64
		{2014BB9C-2E8C-3A34-BC91-C4C6F76BA8C7}.Debug|x64.ActiveCfg = Debug|x64
		{2014BB9C-2E8C-3A34-BC91-C4C6F76BA8C7}.Debug|x64.Build.0 = Debug|x64
		{2014BB9C-2E8C-3A34-BC91-C4C6F76BA8C7}.Release|x64.ActiveCfg = Release|x64
		{2014BB9C-2E8C-3A34-BC91-C4C6F76BA8C7}.Release|x64.Build.0 = Release|x64
		{2014BB9C-2E8C-3A34-BC91-C4C6F76BA8C7}.MinSizeRel|x64.ActiveCfg = MinSizeRel|x64
		{2014BB9C-2E8C-3A34-BC91-C4C6F76BA8C7}.MinSizeRel|x64.Build.0 = MinSizeRel|x64
		{2014BB9C-2E8C-3A34-BC91-C4C6F76BA8C7}.RelWithDebInfo|x64.ActiveCfg = RelWithDebInfo|x64
		{2014BB9C-2E8C-3A34-BC91-C4C6F76BA8C7}.RelWithDebInfo|x64.Build.0 = RelWithDebInfo|x64
		{F6F5D6CB-0992-3D9B-B22F-0F4F563D2798}.Debug|x64.ActiveCfg = Debug|x64
		{F6F5D6CB-0992-3D9B-B22F-0F4F563D2798}.Debug|x64.Build.0 = Debug|x64
		{F6F5D6CB-0992-3D9B-B22F-0F4F563D2798}.Release|x64.ActiveCfg = Release|x64
		{F6F5D6CB-0992-3D9B-B22F-0F4F563D2798}.Release|x64.Build.0 = Release|x64
		{F6F5D6CB-0992-3D9B-B22F-0F4F563D2798}.MinSizeRel|x64.ActiveCfg = MinSizeRel|x64
		{F6F5D6CB-0992-3D9B-B22F-0F4F563D2798}.MinSizeRel|x64.Build.0 = MinSizeRel|x64
		{F6F5D6CB-0992-3D9B-B22F-0F4F563D2798}.RelWithDebInfo|x64.ActiveCfg = RelWithDebInfo|x64
		{F6F5D6CB-0992-3D9B-B22F-0F4F563D2798}.RelWithDebInfo|x64.Build.0 = RelWithDebInfo|x64
		{E00EE26D-F832-3962-B1B4-AC95EBB8CB4A}.Debug|x64.ActiveCfg = Debug|x64
		{E00EE26D-F832-3962-B1B4-AC95EBB8CB4A}.Debug|x64.Build.0 = Debug|x64
		{E00EE26D-F832-3962-B1B4-AC95EBB8CB4A}.Release|x64.ActiveCfg = Release|x64
		{E00EE26D-F832-3962-B1B4-AC95EBB8CB4A}.Release|x64.Build.0 = Release|x64
		{E00EE26D-F832-3962-B1B4-AC95EBB8CB4A}.MinSizeRel|x64.ActiveCfg = MinSizeRel|x64
		{E00EE26D-F832-3962-B1B4-AC95EBB8CB4A}.MinSizeRel|x64.Build.0 = MinSizeRel|x64
		{E00EE26D-F832-3962-B1B4-AC95EBB8CB4A}.RelWithDebInfo|x64.ActiveCfg = RelWithDebInfo|x64
		{E00EE26D-F832-3962-B1B4-AC95EBB8CB4A}.RelWithDebInfo|x64.Build.0 = RelWithDebInfo|x64
		{D4E84418-5BE1-360C-B544-69C67ECB3049}.Debug|x64.ActiveCfg = Debug|x64
		{D4E84418-5BE1-360C-B544-69C67ECB3049}.Debug|x64.Build.0 = Debug|x64
		{D4E84418-5BE1-360C-B544-69C67ECB3049}.Release|x64.ActiveCfg = Release|x64
		{D4E84418-5BE1-360C-B544-69C67ECB3049}.Release|x64.Build.0 = Release|x64
		{D4E84418-5BE1-360C-B544-69C67ECB3049}.MinSizeRel|x64.ActiveCfg = MinSizeRel|x64
		{D4E84418-5BE1-360C-B544-69C67ECB3049}.MinSizeRel|x64.Build.0 = MinSizeRel|x64
		{D4E84418-5BE1-360C-B544-69C67ECB3049}.RelWithDebInfo|x64.ActiveCfg = RelWithDebInfo|x64
		{D4E84418-5BE1-360C-B544-69C67ECB3049}.RelWithDebInfo|x64.Build.0 = RelWithDebInfo|x64
	EndGlobalSection
	GlobalSection(NestedProjects) = preSolution
		{31331C04-F665-3D31-B373-1061AA5624EB} = {ABED84A0-604D-3C95-B7B1-C28E0CFBA852}
		{AA80A456-92CF-3E36-A052-80D81A2C8EDF} = {ABED84A0-604D-3C95-B7B1-C28E0CFBA852}
		{2FFD344F-D71E-3656-8CAE-635C52249D2A} = {ABED84A0-604D-3C95-B7B1-C28E0CFBA852}
		{88219313-1EED-36B5-B313-2F2FF3167C97} = {ABED84A0-604D-3C95-B7B1-C28E0CFBA852}
		{79488821-0228-31B8-B750-7741BBBCB963} = {ABED84A0-604D-3C95-B7B1-C28E0CFBA852}
		{488CB971-69A2-349D-B546-B685CC0F6DB0} = {C635C45C-ADD2-3D25-89E4-6EBEFD91D4EF}
		{0032C8EF-69DE-3004-872C-74D1A6303DD7} = {C635C45C-ADD2-3D25-89E4-6EBEFD91D4EF}
		{E663913E-18D6-3660-9FFA-242746A08F40} = {C635C45C-ADD2-3D25-89E4-6EBEFD91D4EF}
		{67C30212-928E-3591-8CFF-E570795AA718} = {C635C45C-ADD2-3D25-89E4-6EBEFD91D4EF}
		{1F82617E-2077-339E-B98A-68FC56C0FC09} = {9E1242CD-2006-3076-A626-4A227231A0C8}
		{9FEFE3EF-4EB7-313E-A812-0B032348E6FF} = {9E1242CD-2006-3076-A626-4A227231A0C8}
		{244BBDF5-C34B-37A9-8F1E-16C5D6B67480} = {9E1242CD-2006-3076-A626-4A227231A0C8}
		{5651C378-0E65-3CAE-83B0-61D9250DA708} = {9E1242CD-2006-3076-A626-4A227231A0C8}
		{5D70E345-1988-3C56-B21B-F050B5984F1A} = {9E1242CD-2006-3076-A626-4A227231A0C8}
		{93F1CBD9-AF00-3018-B111-86FD1FADCA8D} = {9E1242CD-2006-3076-A626-4A227231A0C8}
		{B71412AD-AA74-3514-9EA1-59B3344A2994} = {9E1242CD-2006-3076-A626-4A227231A0C8}
		{8E33C4FA-7E95-32F2-B2F0-924FBFA49282} = {3FE7FA42-19BE-3A61-A51E-E015C4814E89}
		{C7DE215A-F1DD-3CEF-8E16-B6BDAEEF8C20} = {3FE7FA42-19BE-3A61-A51E-E015C4814E89}
		{827869FC-B0BD-3733-AE64-40D4B07A7AD3} = {3FE7FA42-19BE-3A61-A51E-E015C4814E89}
		{3B669014-B4C5-3EB2-B47D-2BCC02EFB050} = {3FE7FA42-19BE-3A61-A51E-E015C4814E89}
		{F9E3AC0D-89CA-32FB-950E-A2310C49350F} = {3FE7FA42-19BE-3A61-A51E-E015C4814E89}
		{A94B99BC-94EE-3C0B-A2AD-B97673AD1924} = {3FE7FA42-19BE-3A61-A51E-E015C4814E89}
		{DC8EEEDD-B72B-333C-9220-88ADC2C31FA8} = {3FE7FA42-19BE-3A61-A51E-E015C4814E89}
		{3B9CF0AD-34E8-3D55-9A33-ABD11A6AD25B} = {3FE7FA42-19BE-3A61-A51E-E015C4814E89}
		{5A142621-EBF4-3FDC-AEA6-7E7DE337F6E1} = {3FE7FA42-19BE-3A61-A51E-E015C4814E89}
		{21AEEF3A-B641-3664-A2C3-0930E7F4D54D} = {3FE7FA42-19BE-3A61-A51E-E015C4814E89}
		{86F96DE0-4003-3CA3-9525-285BC8E3B265} = {9F4D859C-1121-330E-9C56-FBFAA06CD0FE}
		{7616C7D7-C202-3BB4-B013-18844C848351} = {9F4D859C-1121-330E-9C56-FBFAA06CD0FE}
		{50D46F92-15F3-361B-8DE4-000D4D10DB6C} = {9F4D859C-1121-330E-9C56-FBFAA06CD0FE}
		{824A9163-C48F-3FC2-A161-A2B92BBD5B20} = {9F4D859C-1121-330E-9C56-FBFAA06CD0FE}
		{EB2E4165-429B-3EDA-82E8-FD9BB3C5CA1E} = {9F4D859C-1121-330E-9C56-FBFAA06CD0FE}
		{E51D50CA-8CFE-339A-8405-E0CD8D10EE23} = {9F4D859C-1121-330E-9C56-FBFAA06CD0FE}
		{929175EE-31CE-3BCA-AD6C-FDDDC3D12475} = {9F4D859C-1121-330E-9C56-FBFAA06CD0FE}
		{E8863BC0-9ABE-305A-9E36-B7236DD9C17E} = {9F4D859C-1121-330E-9C56-FBFAA06CD0FE}
		{59487D73-668E-32C2-9905-B7AE8EE76DCD} = {9F4D859C-1121-330E-9C56-FBFAA06CD0FE}
		{30D7ABDA-4AEA-3630-A9F7-58BCBFF5F15A} = {9F4D859C-1121-330E-9C56-FBFAA06CD0FE}
		{9D30AA6B-AA73-3C53-9E5F-369A6F7ED9C8} = {9F4D859C-1121-330E-9C56-FBFAA06CD0FE}
		{863320DA-76BF-33BD-A9D1-6C80F6C03877} = {9F4D859C-1121-330E-9C56-FBFAA06CD0FE}
		{3687C601-32E6-33B4-90A9-F26AD588017F} = {9F4D859C-1121-330E-9C56-FBFAA06CD0FE}
		{79D78505-5576-3FAF-8706-B93377A76DE9} = {9F4D859C-1121-330E-9C56-FBFAA06CD0FE}
		{CCFB4D38-6BDE-32DD-A3B6-EADE454A65BF} = {9F4D859C-1121-330E-9C56-FBFAA06CD0FE}
		{AA0B857A-7559-351C-B23B-601BFAA513A1} = {9F4D859C-1121-330E-9C56-FBFAA06CD0FE}
		{87E5BB8E-FE0C-35B4-BDC9-EACCAA4DAAAE} = {9F4D859C-1121-330E-9C56-FBFAA06CD0FE}
		{97F6AFAB-9295-35DD-B1DE-BF946B5E918C} = {9F4D859C-1121-330E-9C56-FBFAA06CD0FE}
		{CE59D21E-3FFD-3DB8-9595-0B778786E919} = {9F4D859C-1121-330E-9C56-FBFAA06CD0FE}
		{41F7CEED-000C-3CE7-A5D8-DA762BB60952} = {9F4D859C-1121-330E-9C56-FBFAA06CD0FE}
		{1A7CF613-656A-3626-9E8D-681956439C09} = {9F4D859C-1121-330E-9C56-FBFAA06CD0FE}
		{3E045291-D620-3C5E-B40E-D97EB6089468} = {9F4D859C-1121-330E-9C56-FBFAA06CD0FE}
		{D7C3FBBB-B1C7-3B10-BB9A-61F4AB5BAD31} = {9F4D859C-1121-330E-9C56-FBFAA06CD0FE}
		{F0D88E1C-9D30-3012-BA4A-16DAEB4C9C59} = {9F4D859C-1121-330E-9C56-FBFAA06CD0FE}
		{35DCF99C-49FC-3C78-B474-95D7B14A65E4} = {9F4D859C-1121-330E-9C56-FBFAA06CD0FE}
		{3C064BA4-FFB5-3AA3-B4EE-596D23B3C313} = {9F4D859C-1121-330E-9C56-FBFAA06CD0FE}
		{A5234776-32CD-37FD-B691-EABA048B1243} = {9F4D859C-1121-330E-9C56-FBFAA06CD0FE}
		{93E241FD-D96C-326F-AA61-E31A509A1B04} = {9F4D859C-1121-330E-9C56-FBFAA06CD0FE}
		{A25A742C-6C80-3BCB-AD23-82B2F4D79016} = {9F4D859C-1121-330E-9C56-FBFAA06CD0FE}
		{9CD2A34D-B8F8-39AA-82D9-345A2EBCFB63} = {9F4D859C-1121-330E-9C56-FBFAA06CD0FE}
		{9B9C4E9C-FC19-311C-B353-F23E457C1327} = {9F4D859C-1121-330E-9C56-FBFAA06CD0FE}
		{E5A8930B-3A79-32B6-AC29-8423990B4B20} = {9F4D859C-1121-330E-9C56-FBFAA06CD0FE}
		{6F08BFF2-DD20-3E9E-9512-F4E266FDCF6A} = {9F4D859C-1121-330E-9C56-FBFAA06CD0FE}
		{5DE10C1D-387E-301D-83E7-18A1A1D1CB45} = {9F4D859C-1121-330E-9C56-FBFAA06CD0FE}
		{2014BB9C-2E8C-3A34-BC91-C4C6F76BA8C7} = {9F4D859C-1121-330E-9C56-FBFAA06CD0FE}
		{F6F5D6CB-0992-3D9B-B22F-0F4F563D2798} = {9F4D859C-1121-330E-9C56-FBFAA06CD0FE}
		{E00EE26D-F832-3962-B1B4-AC95EBB8CB4A} = {9F4D859C-1121-330E-9C56-FBFAA06CD0FE}
		{D4E84418-5BE1-360C-B544-69C67ECB3049} = {9F4D859C-1121-330E-9C56-FBFAA06CD0FE}
	EndGlobalSection
	GlobalSection(ExtensibilityGlobals) = postSolution
		SolutionGuid = {F83A2C03-9D2F-371A-ACBE-A9F36A6F6445}
	EndGlobalSection
	GlobalSection(ExtensibilityAddIns) = postSolution
	EndGlobalSection
EndGlobal
